PODS:
  - ManualLayout (1.3.0)
  - RxBlocking (3.5.0):
    - RxSwift (~> 3.4)
  - RxCocoa (3.5.0):
    - RxSwift (~> 3.4)
  - RxSwift (3.5.0)
  - RxSwiftExt (2.4.1):
    - RxSwiftExt/Core (= 2.4.1)
  - RxSwiftExt/Core (2.4.1):
    - RxSwift (~> 3.4)
  - RxTest (3.5.0):
    - RxSwift (~> 3.4)
  - SettingsKit (0.3.0)
  - SnapKit (3.1.2)
  - TVOSToast (0.9):
    - ManualLayout

DEPENDENCIES:
  - RxBlocking (= 3.5.0)
  - RxCocoa (= 3.5.0)
  - RxSwift (= 3.5.0)
  - RxSwiftExt
  - RxTest (= 3.5.0)
  - SettingsKit (from `https://github.com/bsorrentino/SettingsKit.git`, branch `develop`)
  - SnapKit (= 3.1.2)
  - TVOSToast

EXTERNAL SOURCES:
  SettingsKit:
    :branch: develop
    :git: https://github.com/bsorrentino/SettingsKit.git

CHECKOUT OPTIONS:
  SettingsKit:
    :commit: de802439b5929dc8a1055f7e680b8043cbf9e46c
    :git: https://github.com/bsorrentino/SettingsKit.git

SPEC CHECKSUMS:
  ManualLayout: 68ac8cfa6b5f656f7a9fadec3730208b95986880
  RxBlocking: 471315e18b87c5ed4b9d0c69a57dfdbca5c01af1
  RxCocoa: a0a09f45d0e5b48ecb6a4a7b4b4c89c88d3f633f
  RxSwift: 18ee9d78b45edb3b0b7e79916b47a116e6dbc842
  RxSwiftExt: 72278e4a84f35324a82a8dd359859782706576a6
  RxTest: 1763765fd0e2282b0eb44c9050effdd7fe7156d4
  SettingsKit: 597fd5106c0bd4bcac7f09c6caf23c1e84b447aa
  SnapKit: 12b24f569cb7c143acc9c22b9d91b23e7b1c84a2
  TVOSToast: 7bb16527987fdaff1605ecb18aec491b7b16e4df

PODFILE CHECKSUM: 1abbf710d88925c6d4220153ee17711213c1787c

COCOAPODS: 1.2.1
