PODS:
  - RxBlocking (3.2.0):
    - RxSwift (~> 3.1)
  - RxCocoa (3.2.0):
    - RxSwift (~> 3.1)
  - RxSwift (3.2.0)
  - RxSwiftExt (2.1.0):
    - RxSwift (~> 3.0)
  - RxTest (3.2.0):
    - RxSwift (~> 3.0)
  - SettingsKit (0.3.0)
  - SnapKit (3.1.2)

DEPENDENCIES:
  - RxBlocking (= 3.2.0)
  - RxCocoa (= 3.2.0)
  - RxSwift (= 3.2.0)
  - RxSwiftExt (= 2.1.0)
  - RxTest (= 3.2.0)
  - SettingsKit (from `https://github.com/bsorrentino/SettingsKit.git`, branch `develop`)
  - SnapKit (= 3.1.2)

EXTERNAL SOURCES:
  SettingsKit:
    :branch: develop
    :git: https://github.com/bsorrentino/SettingsKit.git

CHECKOUT OPTIONS:
  SettingsKit:
    :commit: de802439b5929dc8a1055f7e680b8043cbf9e46c
    :git: https://github.com/bsorrentino/SettingsKit.git

SPEC CHECKSUMS:
  RxBlocking: ec8ed471ba77b4fb98a2d60f1f8419b0b46eaa23
  RxCocoa: ccdf43101a70407097a29082f648ba1676075b30
  RxSwift: 46574f70d416b7923c237195939cc488a7fbf3a0
  RxSwiftExt: 492a6575cf6afabb8feeed3204bd0f9e2c695e67
  RxTest: 85fdd6f753e8e62635a58d37bbdd3ce7d5abbef3
  SettingsKit: 597fd5106c0bd4bcac7f09c6caf23c1e84b447aa
  SnapKit: 12b24f569cb7c143acc9c22b9d91b23e7b1c84a2

PODFILE CHECKSUM: fec05ba713d310155ce087553518da02da0dd35a

COCOAPODS: 1.2.0
