PODS:
  - MSAL (1.2.1):
    - MSAL/app-lib (= 1.2.1)
  - MSAL/app-lib (1.2.1)

DEPENDENCIES:
  - MSAL (from `/Users/bsorrentino/WORKSPACES/GITHUB.me/AppleOS/microsoft-authentication-library-for-objc`)

EXTERNAL SOURCES:
  MSAL:
    :path: "/Users/bsorrentino/WORKSPACES/GITHUB.me/AppleOS/microsoft-authentication-library-for-objc"

SPEC CHECKSUMS:
  MSAL: e10c62a3d1f0c58f77e3baa01c4d564845f5fe39

PODFILE CHECKSUM: 0c90aabe18c82d390b51a9cd11e3d34b96c08178

COCOAPODS: 1.11.3
