// !$*UTF8*$!
{
	archiveVersion = 1;
	classes = {
	};
	objectVersion = 54;
	objects = {

/* Begin PBXBuildFile section */
		5F001176278372AC00F1AA41 /* TVOSToast in Frameworks */ = {isa = PBXBuildFile; productRef = 5F001175278372AC00F1AA41 /* TVOSToast */; };
		5F20660A2691A4F5003B819A /* Slideshow.xml in Resources */ = {isa = PBXBuildFile; fileRef = 5F2066092691A4F5003B819A /* Slideshow.xml */; };
		5F20660C2691C6DD003B819A /* Publisher+Extensions.swift in Sources */ = {isa = PBXBuildFile; fileRef = 5F20660B2691C6DD003B819A /* Publisher+Extensions.swift */; };
		5F20660D2691C6DD003B819A /* Publisher+Extensions.swift in Sources */ = {isa = PBXBuildFile; fileRef = 5F20660B2691C6DD003B819A /* Publisher+Extensions.swift */; };
		5F20F23426C534A3004EB2C1 /* ScreenModifier.swift in Sources */ = {isa = PBXBuildFile; fileRef = 5F20F23326C534A3004EB2C1 /* ScreenModifier.swift */; };
		5F3A6E5F2690C0F0001A3F9F /* SlideshareApi.swift in Sources */ = {isa = PBXBuildFile; fileRef = 5F3A6E5E2690C0F0001A3F9F /* SlideshareApi.swift */; };
		5F3A6E612690C414001A3F9F /* String+Extensions.swift in Sources */ = {isa = PBXBuildFile; fileRef = 5F3A6E602690C414001A3F9F /* String+Extensions.swift */; };
		5F3A6E632690D240001A3F9F /* SlideshareXML.swift in Sources */ = {isa = PBXBuildFile; fileRef = 5F3A6E622690D240001A3F9F /* SlideshareXML.swift */; };
		5F3A6E6B2690EEB4001A3F9F /* slidesTests.swift in Sources */ = {isa = PBXBuildFile; fileRef = 5F3A6E6A2690EEB4001A3F9F /* slidesTests.swift */; };
		5F3A6E742690F1B5001A3F9F /* SlideshareXML.swift in Sources */ = {isa = PBXBuildFile; fileRef = 5F3A6E622690D240001A3F9F /* SlideshareXML.swift */; };
		5F3A6E752690F1B5001A3F9F /* SlideshareApi.swift in Sources */ = {isa = PBXBuildFile; fileRef = 5F3A6E5E2690C0F0001A3F9F /* SlideshareApi.swift */; };
		5F3A6E762690F1B5001A3F9F /* String+Extensions.swift in Sources */ = {isa = PBXBuildFile; fileRef = 5F3A6E602690C414001A3F9F /* String+Extensions.swift */; };
		5F3E75322709079D0027C085 /* ContentViewTest.swift in Sources */ = {isa = PBXBuildFile; fileRef = 5F3E75312709079D0027C085 /* ContentViewTest.swift */; };
		5F6804E82691EBA300E114FA /* SlideshareResult.swift in Sources */ = {isa = PBXBuildFile; fileRef = 5F6804E72691EBA300E114FA /* SlideshareResult.swift */; };
		5F6804E92691EBA300E114FA /* SlideshareResult.swift in Sources */ = {isa = PBXBuildFile; fileRef = 5F6804E72691EBA300E114FA /* SlideshareResult.swift */; };
		5F6804EB2691F8AD00E114FA /* SlideshareItem.swift in Sources */ = {isa = PBXBuildFile; fileRef = 5F6804EA2691F8AD00E114FA /* SlideshareItem.swift */; };
		5F6804EC2691F8AD00E114FA /* SlideshareItem.swift in Sources */ = {isa = PBXBuildFile; fileRef = 5F6804EA2691F8AD00E114FA /* SlideshareItem.swift */; };
		5F88CD6C2691D09700D27865 /* Slideshows.xml in Resources */ = {isa = PBXBuildFile; fileRef = 5F88CD6B2691D09700D27865 /* Slideshows.xml */; };
		5FAE8581272EB7E50079D67B /* sample.pdf in Resources */ = {isa = PBXBuildFile; fileRef = 5FAE8580272EB6300079D67B /* sample.pdf */; };
		5FAE8582272EB7E50079D67B /* slideshare.plist in Resources */ = {isa = PBXBuildFile; fileRef = 5F5FCF05272EB3D800D956D9 /* slideshare.plist */; };
		5FB7EA9A269DF79A00B849C0 /* DownloadManager.swift in Sources */ = {isa = PBXBuildFile; fileRef = 5FB7EA99269DF79A00B849C0 /* DownloadManager.swift */; };
		5FB7EA9C269E306F00B849C0 /* PresentationView.swift in Sources */ = {isa = PBXBuildFile; fileRef = 5FB7EA9B269E306F00B849C0 /* PresentationView.swift */; };
		5FCEB900240C51D600F9885A /* App.swift in Sources */ = {isa = PBXBuildFile; fileRef = 5FCEB8FF240C51D600F9885A /* App.swift */; };
		5FCEB902240C51D600F9885A /* ContentView.swift in Sources */ = {isa = PBXBuildFile; fileRef = 5FCEB901240C51D600F9885A /* ContentView.swift */; };
		5FCEB904240C51D600F9885A /* Assets.xcassets in Resources */ = {isa = PBXBuildFile; fileRef = 5FCEB903240C51D600F9885A /* Assets.xcassets */; };
		5FCEB907240C51D600F9885A /* Preview Assets.xcassets in Resources */ = {isa = PBXBuildFile; fileRef = 5FCEB906240C51D600F9885A /* Preview Assets.xcassets */; };
		5FCEB90A240C51D600F9885A /* LaunchScreen.storyboard in Resources */ = {isa = PBXBuildFile; fileRef = 5FCEB908240C51D600F9885A /* LaunchScreen.storyboard */; };
		5FD5CE7B269ED569001046EA /* XCode+Utils.swift in Sources */ = {isa = PBXBuildFile; fileRef = 5FEA94A22693061E002D228A /* XCode+Utils.swift */; };
		5FD5CE7D269F3B72001046EA /* SwiftUI+Condition.swift in Sources */ = {isa = PBXBuildFile; fileRef = 5FD5CE7C269F3B72001046EA /* SwiftUI+Condition.swift */; };
		5FD5CE7F269F44E7001046EA /* SwiftUI+Styles.swift in Sources */ = {isa = PBXBuildFile; fileRef = 5FD5CE7E269F44E7001046EA /* SwiftUI+Styles.swift */; };
		5FEA94A32693061E002D228A /* XCode+Utils.swift in Sources */ = {isa = PBXBuildFile; fileRef = 5FEA94A22693061E002D228A /* XCode+Utils.swift */; };
		A0035D262737ED9600DD85E4 /* Favorites.swift in Sources */ = {isa = PBXBuildFile; fileRef = A0035D252737ED9600DD85E4 /* Favorites.swift */; };
		A0035D272737ED9600DD85E4 /* Favorites.swift in Sources */ = {isa = PBXBuildFile; fileRef = A0035D252737ED9600DD85E4 /* Favorites.swift */; };
		A0035D292737EEF900DD85E4 /* SlideItem.swift in Sources */ = {isa = PBXBuildFile; fileRef = A0035D282737EEF900DD85E4 /* SlideItem.swift */; };
		A0035D2A2737EEF900DD85E4 /* SlideItem.swift in Sources */ = {isa = PBXBuildFile; fileRef = A0035D282737EEF900DD85E4 /* SlideItem.swift */; };
		A0035D2F2738156D00DD85E4 /* SearchFavoritesView.swift in Sources */ = {isa = PBXBuildFile; fileRef = A0035D2E2738156D00DD85E4 /* SearchFavoritesView.swift */; };
		A0035D312738174800DD85E4 /* SearchViews.swift in Sources */ = {isa = PBXBuildFile; fileRef = A0035D302738174800DD85E4 /* SearchViews.swift */; };
		A0202BDC28280D5D000A403D /* App+Info.swift in Sources */ = {isa = PBXBuildFile; fileRef = A0202BDB28280D5D000A403D /* App+Info.swift */; };
		A0202BDF2828125D000A403D /* CloudKit.framework in Frameworks */ = {isa = PBXBuildFile; fileRef = A0202BDE2828125D000A403D /* CloudKit.framework */; };
		A05CB1F4268F59B9001F26E4 /* SearchBar.swift in Sources */ = {isa = PBXBuildFile; fileRef = A05CB1F3268F59B9001F26E4 /* SearchBar.swift */; };
		A05CB1F6268F59F5001F26E4 /* SearchSlidesView.swift in Sources */ = {isa = PBXBuildFile; fileRef = A05CB1F5268F59F5001F26E4 /* SearchSlidesView.swift */; };
		A06824EF2772304A00D96300 /* URL+Extensions.swift in Sources */ = {isa = PBXBuildFile; fileRef = A06824EE2772304A00D96300 /* URL+Extensions.swift */; };
		A0A1226C2770FC97007B45FE /* Swift+Utils.swift in Sources */ = {isa = PBXBuildFile; fileRef = A0A1226B2770FC97007B45FE /* Swift+Utils.swift */; };
		A0B2674427F07993007B5BCA /* PDFReader in Frameworks */ = {isa = PBXBuildFile; productRef = A0B2674327F07993007B5BCA /* PDFReader */; };
/* End PBXBuildFile section */

/* Begin PBXContainerItemProxy section */
		5F3A6E6D2690EEB5001A3F9F /* PBXContainerItemProxy */ = {
			isa = PBXContainerItemProxy;
			containerPortal = 5FCEB8F4240C51D600F9885A /* Project object */;
			proxyType = 1;
			remoteGlobalIDString = 5FCEB8FB240C51D600F9885A;
			remoteInfo = slides;
		};
/* End PBXContainerItemProxy section */

/* Begin PBXFileReference section */
		5F09129126FB6DC300EA6755 /* timer.playground */ = {isa = PBXFileReference; lastKnownFileType = file.playground; path = timer.playground; sourceTree = "<group>"; xcLanguageSpecificationIdentifier = xcode.lang.swift; };
		5F2066092691A4F5003B819A /* Slideshow.xml */ = {isa = PBXFileReference; lastKnownFileType = text.xml; path = Slideshow.xml; sourceTree = "<group>"; };
		5F20660B2691C6DD003B819A /* Publisher+Extensions.swift */ = {isa = PBXFileReference; lastKnownFileType = sourcecode.swift; path = "Publisher+Extensions.swift"; sourceTree = "<group>"; };
		5F20F23326C534A3004EB2C1 /* ScreenModifier.swift */ = {isa = PBXFileReference; lastKnownFileType = sourcecode.swift; path = ScreenModifier.swift; sourceTree = "<group>"; };
		5F3A6E5E2690C0F0001A3F9F /* SlideshareApi.swift */ = {isa = PBXFileReference; lastKnownFileType = sourcecode.swift; path = SlideshareApi.swift; sourceTree = "<group>"; };
		5F3A6E602690C414001A3F9F /* String+Extensions.swift */ = {isa = PBXFileReference; lastKnownFileType = sourcecode.swift; path = "String+Extensions.swift"; sourceTree = "<group>"; };
		5F3A6E622690D240001A3F9F /* SlideshareXML.swift */ = {isa = PBXFileReference; lastKnownFileType = sourcecode.swift; path = SlideshareXML.swift; sourceTree = "<group>"; };
		5F3A6E682690EEB4001A3F9F /* slidesTests.xctest */ = {isa = PBXFileReference; explicitFileType = wrapper.cfbundle; includeInIndex = 0; path = slidesTests.xctest; sourceTree = BUILT_PRODUCTS_DIR; };
		5F3A6E6A2690EEB4001A3F9F /* slidesTests.swift */ = {isa = PBXFileReference; lastKnownFileType = sourcecode.swift; path = slidesTests.swift; sourceTree = "<group>"; };
		5F3A6E6C2690EEB5001A3F9F /* Info.plist */ = {isa = PBXFileReference; lastKnownFileType = text.plist.xml; path = Info.plist; sourceTree = "<group>"; };
		5F3E75312709079D0027C085 /* ContentViewTest.swift */ = {isa = PBXFileReference; lastKnownFileType = sourcecode.swift; path = ContentViewTest.swift; sourceTree = "<group>"; };
		5F5FCF05272EB3D800D956D9 /* slideshare.plist */ = {isa = PBXFileReference; lastKnownFileType = text.plist.xml; path = slideshare.plist; sourceTree = "<group>"; };
		5F6804E72691EBA300E114FA /* SlideshareResult.swift */ = {isa = PBXFileReference; lastKnownFileType = sourcecode.swift; path = SlideshareResult.swift; sourceTree = "<group>"; };
		5F6804EA2691F8AD00E114FA /* SlideshareItem.swift */ = {isa = PBXFileReference; lastKnownFileType = sourcecode.swift; path = SlideshareItem.swift; sourceTree = "<group>"; };
		5F75B0F3273E8BAC00D49211 /* slides.entitlements */ = {isa = PBXFileReference; lastKnownFileType = text.plist.entitlements; path = slides.entitlements; sourceTree = "<group>"; };
		5F88CD6B2691D09700D27865 /* Slideshows.xml */ = {isa = PBXFileReference; lastKnownFileType = text.xml; path = Slideshows.xml; sourceTree = "<group>"; };
		5FAE8580272EB6300079D67B /* sample.pdf */ = {isa = PBXFileReference; lastKnownFileType = image.pdf; path = sample.pdf; sourceTree = "<group>"; };
		5FB7EA99269DF79A00B849C0 /* DownloadManager.swift */ = {isa = PBXFileReference; lastKnownFileType = sourcecode.swift; path = DownloadManager.swift; sourceTree = "<group>"; };
		5FB7EA9B269E306F00B849C0 /* PresentationView.swift */ = {isa = PBXFileReference; lastKnownFileType = sourcecode.swift; path = PresentationView.swift; sourceTree = "<group>"; };
		5FCEB8FC240C51D600F9885A /* slides.app */ = {isa = PBXFileReference; explicitFileType = wrapper.application; includeInIndex = 0; path = slides.app; sourceTree = BUILT_PRODUCTS_DIR; };
		5FCEB8FF240C51D600F9885A /* App.swift */ = {isa = PBXFileReference; lastKnownFileType = sourcecode.swift; path = App.swift; sourceTree = "<group>"; };
		5FCEB901240C51D600F9885A /* ContentView.swift */ = {isa = PBXFileReference; lastKnownFileType = sourcecode.swift; path = ContentView.swift; sourceTree = "<group>"; };
		5FCEB903240C51D600F9885A /* Assets.xcassets */ = {isa = PBXFileReference; lastKnownFileType = folder.assetcatalog; path = Assets.xcassets; sourceTree = "<group>"; };
		5FCEB906240C51D600F9885A /* Preview Assets.xcassets */ = {isa = PBXFileReference; lastKnownFileType = folder.assetcatalog; path = "Preview Assets.xcassets"; sourceTree = "<group>"; };
		5FCEB909240C51D600F9885A /* Base */ = {isa = PBXFileReference; lastKnownFileType = file.storyboard; name = Base; path = Base.lproj/LaunchScreen.storyboard; sourceTree = "<group>"; };
		5FCEB90B240C51D600F9885A /* Info.plist */ = {isa = PBXFileReference; lastKnownFileType = text.plist.xml; path = Info.plist; sourceTree = "<group>"; };
		5FD5CE7C269F3B72001046EA /* SwiftUI+Condition.swift */ = {isa = PBXFileReference; lastKnownFileType = sourcecode.swift; path = "SwiftUI+Condition.swift"; sourceTree = "<group>"; };
		5FD5CE7E269F44E7001046EA /* SwiftUI+Styles.swift */ = {isa = PBXFileReference; lastKnownFileType = sourcecode.swift; path = "SwiftUI+Styles.swift"; sourceTree = "<group>"; };
		5FEA94A22693061E002D228A /* XCode+Utils.swift */ = {isa = PBXFileReference; lastKnownFileType = sourcecode.swift; path = "XCode+Utils.swift"; sourceTree = "<group>"; };
		A0035D252737ED9600DD85E4 /* Favorites.swift */ = {isa = PBXFileReference; lastKnownFileType = sourcecode.swift; path = Favorites.swift; sourceTree = "<group>"; };
		A0035D282737EEF900DD85E4 /* SlideItem.swift */ = {isa = PBXFileReference; lastKnownFileType = sourcecode.swift; path = SlideItem.swift; sourceTree = "<group>"; };
		A0035D2E2738156D00DD85E4 /* SearchFavoritesView.swift */ = {isa = PBXFileReference; lastKnownFileType = sourcecode.swift; path = SearchFavoritesView.swift; sourceTree = "<group>"; };
		A0035D302738174800DD85E4 /* SearchViews.swift */ = {isa = PBXFileReference; lastKnownFileType = sourcecode.swift; path = SearchViews.swift; sourceTree = "<group>"; };
		A0202BDB28280D5D000A403D /* App+Info.swift */ = {isa = PBXFileReference; lastKnownFileType = sourcecode.swift; path = "App+Info.swift"; sourceTree = "<group>"; };
		A0202BDD28280E23000A403D /* MyPlayground.playground */ = {isa = PBXFileReference; lastKnownFileType = file.playground; path = MyPlayground.playground; sourceTree = "<group>"; xcLanguageSpecificationIdentifier = xcode.lang.swift; };
		A0202BDE2828125D000A403D /* CloudKit.framework */ = {isa = PBXFileReference; lastKnownFileType = wrapper.framework; name = CloudKit.framework; path = System/Library/Frameworks/CloudKit.framework; sourceTree = SDKROOT; };
		A05CB1F3268F59B9001F26E4 /* SearchBar.swift */ = {isa = PBXFileReference; lastKnownFileType = sourcecode.swift; path = SearchBar.swift; sourceTree = "<group>"; };
		A05CB1F5268F59F5001F26E4 /* SearchSlidesView.swift */ = {isa = PBXFileReference; lastKnownFileType = sourcecode.swift; path = SearchSlidesView.swift; sourceTree = "<group>"; };
		A060B45928285D4600732483 /* slidesDebug.entitlements */ = {isa = PBXFileReference; lastKnownFileType = text.plist.entitlements; path = slidesDebug.entitlements; sourceTree = "<group>"; };
		A06824EE2772304A00D96300 /* URL+Extensions.swift */ = {isa = PBXFileReference; lastKnownFileType = sourcecode.swift; path = "URL+Extensions.swift"; sourceTree = "<group>"; };
		A075E07227F0732F0044CE7D /* PDFReader */ = {isa = PBXFileReference; lastKnownFileType = wrapper; path = PDFReader; sourceTree = "<group>"; };
		A0A1226B2770FC97007B45FE /* Swift+Utils.swift */ = {isa = PBXFileReference; lastKnownFileType = sourcecode.swift; path = "Swift+Utils.swift"; sourceTree = "<group>"; };
/* End PBXFileReference section */

/* Begin PBXFrameworksBuildPhase section */
		5F3A6E652690EEB4001A3F9F /* Frameworks */ = {
			isa = PBXFrameworksBuildPhase;
			buildActionMask = 2147483647;
			files = (
			);
			runOnlyForDeploymentPostprocessing = 0;
		};
		5FCEB8F9240C51D600F9885A /* Frameworks */ = {
			isa = PBXFrameworksBuildPhase;
			buildActionMask = 2147483647;
			files = (
				A0202BDF2828125D000A403D /* CloudKit.framework in Frameworks */,
				A0B2674427F07993007B5BCA /* PDFReader in Frameworks */,
				5F001176278372AC00F1AA41 /* TVOSToast in Frameworks */,
			);
			runOnlyForDeploymentPostprocessing = 0;
		};
/* End PBXFrameworksBuildPhase section */

/* Begin PBXGroup section */
		5F3A6E692690EEB4001A3F9F /* slidesTests */ = {
			isa = PBXGroup;
			children = (
				5F3A6E6A2690EEB4001A3F9F /* slidesTests.swift */,
				5F3A6E6C2690EEB5001A3F9F /* Info.plist */,
				5F2066092691A4F5003B819A /* Slideshow.xml */,
				5F88CD6B2691D09700D27865 /* Slideshows.xml */,
			);
			path = slidesTests;
			sourceTree = "<group>";
		};
		5FCEB8F3240C51D600F9885A = {
			isa = PBXGroup;
			children = (
				A0202BDD28280E23000A403D /* MyPlayground.playground */,
				A075E07227F0732F0044CE7D /* PDFReader */,
				5FAE8580272EB6300079D67B /* sample.pdf */,
				5F5FCF05272EB3D800D956D9 /* slideshare.plist */,
				5F09129126FB6DC300EA6755 /* timer.playground */,
				5FCEB8FE240C51D600F9885A /* slides */,
				5F3A6E692690EEB4001A3F9F /* slidesTests */,
				5FCEB8FD240C51D600F9885A /* Products */,
				A0B2674227F07993007B5BCA /* Frameworks */,
			);
			sourceTree = "<group>";
		};
		5FCEB8FD240C51D600F9885A /* Products */ = {
			isa = PBXGroup;
			children = (
				5FCEB8FC240C51D600F9885A /* slides.app */,
				5F3A6E682690EEB4001A3F9F /* slidesTests.xctest */,
			);
			name = Products;
			sourceTree = "<group>";
		};
		5FCEB8FE240C51D600F9885A /* slides */ = {
			isa = PBXGroup;
			children = (
				A060B45928285D4600732483 /* slidesDebug.entitlements */,
				5F75B0F3273E8BAC00D49211 /* slides.entitlements */,
				5FCEB90B240C51D600F9885A /* Info.plist */,
				A0202BDB28280D5D000A403D /* App+Info.swift */,
				5FEA94A22693061E002D228A /* XCode+Utils.swift */,
				A0A1226B2770FC97007B45FE /* Swift+Utils.swift */,
				5FD5CE7C269F3B72001046EA /* SwiftUI+Condition.swift */,
				5FD5CE7E269F44E7001046EA /* SwiftUI+Styles.swift */,
				5F3A6E602690C414001A3F9F /* String+Extensions.swift */,
				5F20660B2691C6DD003B819A /* Publisher+Extensions.swift */,
				A06824EE2772304A00D96300 /* URL+Extensions.swift */,
				5F20F23326C534A3004EB2C1 /* ScreenModifier.swift */,
				5FB7EA99269DF79A00B849C0 /* DownloadManager.swift */,
				A0035D282737EEF900DD85E4 /* SlideItem.swift */,
				5F6804EA2691F8AD00E114FA /* SlideshareItem.swift */,
				5F3A6E622690D240001A3F9F /* SlideshareXML.swift */,
				5F3A6E5E2690C0F0001A3F9F /* SlideshareApi.swift */,
				5F6804E72691EBA300E114FA /* SlideshareResult.swift */,
				A0035D252737ED9600DD85E4 /* Favorites.swift */,
				A05CB1F3268F59B9001F26E4 /* SearchBar.swift */,
				A0035D302738174800DD85E4 /* SearchViews.swift */,
				A0035D2E2738156D00DD85E4 /* SearchFavoritesView.swift */,
				A05CB1F5268F59F5001F26E4 /* SearchSlidesView.swift */,
				5FB7EA9B269E306F00B849C0 /* PresentationView.swift */,
				5FCEB901240C51D600F9885A /* ContentView.swift */,
				5FCEB8FF240C51D600F9885A /* App.swift */,
				5F3E75312709079D0027C085 /* ContentViewTest.swift */,
				5FCEB903240C51D600F9885A /* Assets.xcassets */,
				5FCEB908240C51D600F9885A /* LaunchScreen.storyboard */,
				5FCEB905240C51D600F9885A /* Preview Content */,
			);
			path = slides;
			sourceTree = "<group>";
		};
		5FCEB905240C51D600F9885A /* Preview Content */ = {
			isa = PBXGroup;
			children = (
				5FCEB906240C51D600F9885A /* Preview Assets.xcassets */,
			);
			path = "Preview Content";
			sourceTree = "<group>";
		};
		A0B2674227F07993007B5BCA /* Frameworks */ = {
			isa = PBXGroup;
			children = (
				A0202BDE2828125D000A403D /* CloudKit.framework */,
			);
			name = Frameworks;
			sourceTree = "<group>";
		};
/* End PBXGroup section */

/* Begin PBXNativeTarget section */
		5F3A6E672690EEB4001A3F9F /* slidesTests */ = {
			isa = PBXNativeTarget;
			buildConfigurationList = 5F3A6E6F2690EEB5001A3F9F /* Build configuration list for PBXNativeTarget "slidesTests" */;
			buildPhases = (
				5F3A6E642690EEB4001A3F9F /* Sources */,
				5F3A6E652690EEB4001A3F9F /* Frameworks */,
				5F3A6E662690EEB4001A3F9F /* Resources */,
			);
			buildRules = (
			);
			dependencies = (
				5F3A6E6E2690EEB5001A3F9F /* PBXTargetDependency */,
			);
			name = slidesTests;
			productName = slidesTests;
			productReference = 5F3A6E682690EEB4001A3F9F /* slidesTests.xctest */;
			productType = "com.apple.product-type.bundle.unit-test";
		};
		5FCEB8FB240C51D600F9885A /* slides */ = {
			isa = PBXNativeTarget;
			buildConfigurationList = 5FCEB90E240C51D600F9885A /* Build configuration list for PBXNativeTarget "slides" */;
			buildPhases = (
				5FCEB8F8240C51D600F9885A /* Sources */,
				5FCEB8F9240C51D600F9885A /* Frameworks */,
				5FCEB8FA240C51D600F9885A /* Resources */,
			);
			buildRules = (
			);
			dependencies = (
			);
			name = slides;
			packageProductDependencies = (
				5F001175278372AC00F1AA41 /* TVOSToast */,
				A0B2674327F07993007B5BCA /* PDFReader */,
			);
			productName = slides;
			productReference = 5FCEB8FC240C51D600F9885A /* slides.app */;
			productType = "com.apple.product-type.application";
		};
/* End PBXNativeTarget section */

/* Begin PBXProject section */
		5FCEB8F4240C51D600F9885A /* Project object */ = {
			isa = PBXProject;
			attributes = {
				BuildIndependentTargetsInParallel = YES;
				LastSwiftUpdateCheck = 1250;
				LastUpgradeCheck = 1510;
				ORGANIZATIONNAME = bsorrentino;
				TargetAttributes = {
					5F3A6E672690EEB4001A3F9F = {
						CreatedOnToolsVersion = 12.5.1;
						TestTargetID = 5FCEB8FB240C51D600F9885A;
					};
					5FCEB8FB240C51D600F9885A = {
						CreatedOnToolsVersion = 11.3.1;
					};
				};
			};
			buildConfigurationList = 5FCEB8F7240C51D600F9885A /* Build configuration list for PBXProject "slides" */;
			compatibilityVersion = "Xcode 9.3";
			developmentRegion = en;
			hasScannedForEncodings = 0;
			knownRegions = (
				en,
				Base,
			);
			mainGroup = 5FCEB8F3240C51D600F9885A;
			packageReferences = (
				5F001174278372AC00F1AA41 /* XCRemoteSwiftPackageReference "TVOSToast" */,
			);
			productRefGroup = 5FCEB8FD240C51D600F9885A /* Products */;
			projectDirPath = "";
			projectRoot = "";
			targets = (
				5FCEB8FB240C51D600F9885A /* slides */,
				5F3A6E672690EEB4001A3F9F /* slidesTests */,
			);
		};
/* End PBXProject section */

/* Begin PBXResourcesBuildPhase section */
		5F3A6E662690EEB4001A3F9F /* Resources */ = {
			isa = PBXResourcesBuildPhase;
			buildActionMask = 2147483647;
			files = (
				5F88CD6C2691D09700D27865 /* Slideshows.xml in Resources */,
				5F20660A2691A4F5003B819A /* Slideshow.xml in Resources */,
			);
			runOnlyForDeploymentPostprocessing = 0;
		};
		5FCEB8FA240C51D600F9885A /* Resources */ = {
			isa = PBXResourcesBuildPhase;
			buildActionMask = 2147483647;
			files = (
				5FAE8581272EB7E50079D67B /* sample.pdf in Resources */,
				5FAE8582272EB7E50079D67B /* slideshare.plist in Resources */,
				5FCEB90A240C51D600F9885A /* LaunchScreen.storyboard in Resources */,
				5FCEB907240C51D600F9885A /* Preview Assets.xcassets in Resources */,
				5FCEB904240C51D600F9885A /* Assets.xcassets in Resources */,
			);
			runOnlyForDeploymentPostprocessing = 0;
		};
/* End PBXResourcesBuildPhase section */

/* Begin PBXSourcesBuildPhase section */
		5F3A6E642690EEB4001A3F9F /* Sources */ = {
			isa = PBXSourcesBuildPhase;
			buildActionMask = 2147483647;
			files = (
				A0035D272737ED9600DD85E4 /* Favorites.swift in Sources */,
				5FD5CE7B269ED569001046EA /* XCode+Utils.swift in Sources */,
				5F6804E92691EBA300E114FA /* SlideshareResult.swift in Sources */,
				5F3A6E742690F1B5001A3F9F /* SlideshareXML.swift in Sources */,
				A0035D2A2737EEF900DD85E4 /* SlideItem.swift in Sources */,
				5F3A6E752690F1B5001A3F9F /* SlideshareApi.swift in Sources */,
				5F3A6E762690F1B5001A3F9F /* String+Extensions.swift in Sources */,
				5F3A6E6B2690EEB4001A3F9F /* slidesTests.swift in Sources */,
				5F20660D2691C6DD003B819A /* Publisher+Extensions.swift in Sources */,
				5F6804EC2691F8AD00E114FA /* SlideshareItem.swift in Sources */,
			);
			runOnlyForDeploymentPostprocessing = 0;
		};
		5FCEB8F8240C51D600F9885A /* Sources */ = {
			isa = PBXSourcesBuildPhase;
			buildActionMask = 2147483647;
			files = (
				5FEA94A32693061E002D228A /* XCode+Utils.swift in Sources */,
				5FD5CE7F269F44E7001046EA /* SwiftUI+Styles.swift in Sources */,
				5F3E75322709079D0027C085 /* ContentViewTest.swift in Sources */,
				5FCEB902240C51D600F9885A /* ContentView.swift in Sources */,
				5FCEB900240C51D600F9885A /* App.swift in Sources */,
				A0A1226C2770FC97007B45FE /* Swift+Utils.swift in Sources */,
				A05CB1F4268F59B9001F26E4 /* SearchBar.swift in Sources */,
				A06824EF2772304A00D96300 /* URL+Extensions.swift in Sources */,
				5FD5CE7D269F3B72001046EA /* SwiftUI+Condition.swift in Sources */,
				A0035D2F2738156D00DD85E4 /* SearchFavoritesView.swift in Sources */,
				A0035D262737ED9600DD85E4 /* Favorites.swift in Sources */,
				A0035D292737EEF900DD85E4 /* SlideItem.swift in Sources */,
				5F20F23426C534A3004EB2C1 /* ScreenModifier.swift in Sources */,
				5F6804E82691EBA300E114FA /* SlideshareResult.swift in Sources */,
				5F3A6E5F2690C0F0001A3F9F /* SlideshareApi.swift in Sources */,
				5FB7EA9A269DF79A00B849C0 /* DownloadManager.swift in Sources */,
				5F3A6E612690C414001A3F9F /* String+Extensions.swift in Sources */,
				A0202BDC28280D5D000A403D /* App+Info.swift in Sources */,
				5F6804EB2691F8AD00E114FA /* SlideshareItem.swift in Sources */,
				5F3A6E632690D240001A3F9F /* SlideshareXML.swift in Sources */,
				5F20660C2691C6DD003B819A /* Publisher+Extensions.swift in Sources */,
				5FB7EA9C269E306F00B849C0 /* PresentationView.swift in Sources */,
				A0035D312738174800DD85E4 /* SearchViews.swift in Sources */,
				A05CB1F6268F59F5001F26E4 /* SearchSlidesView.swift in Sources */,
			);
			runOnlyForDeploymentPostprocessing = 0;
		};
/* End PBXSourcesBuildPhase section */

/* Begin PBXTargetDependency section */
		5F3A6E6E2690EEB5001A3F9F /* PBXTargetDependency */ = {
			isa = PBXTargetDependency;
			target = 5FCEB8FB240C51D600F9885A /* slides */;
			targetProxy = 5F3A6E6D2690EEB5001A3F9F /* PBXContainerItemProxy */;
		};
/* End PBXTargetDependency section */

/* Begin PBXVariantGroup section */
		5FCEB908240C51D600F9885A /* LaunchScreen.storyboard */ = {
			isa = PBXVariantGroup;
			children = (
				5FCEB909240C51D600F9885A /* Base */,
			);
			name = LaunchScreen.storyboard;
			sourceTree = "<group>";
		};
/* End PBXVariantGroup section */

/* Begin XCBuildConfiguration section */
		5F3A6E702690EEB5001A3F9F /* Debug */ = {
			isa = XCBuildConfiguration;
			buildSettings = {
				BUNDLE_LOADER = "$(TEST_HOST)";
				CODE_SIGN_STYLE = Automatic;
				DEVELOPMENT_TEAM = 48J595L9BX;
				INFOPLIST_FILE = slidesTests/Info.plist;
				LD_RUNPATH_SEARCH_PATHS = (
					"$(inherited)",
					"@executable_path/Frameworks",
					"@loader_path/Frameworks",
				);
				PRODUCT_BUNDLE_IDENTIFIER = org.bsc.slidesTests;
				PRODUCT_NAME = "$(TARGET_NAME)";
				SWIFT_VERSION = 5.0;
				TARGETED_DEVICE_FAMILY = 3;
				TEST_HOST = "$(BUILT_PRODUCTS_DIR)/slides.app/slides";
				TVOS_DEPLOYMENT_TARGET = 14.5;
			};
			name = Debug;
		};
		5F3A6E712690EEB5001A3F9F /* Release */ = {
			isa = XCBuildConfiguration;
			buildSettings = {
				BUNDLE_LOADER = "$(TEST_HOST)";
				CODE_SIGN_STYLE = Automatic;
				DEVELOPMENT_TEAM = 48J595L9BX;
				INFOPLIST_FILE = slidesTests/Info.plist;
				LD_RUNPATH_SEARCH_PATHS = (
					"$(inherited)",
					"@executable_path/Frameworks",
					"@loader_path/Frameworks",
				);
				PRODUCT_BUNDLE_IDENTIFIER = org.bsc.slidesTests;
				PRODUCT_NAME = "$(TARGET_NAME)";
				SWIFT_VERSION = 5.0;
				TARGETED_DEVICE_FAMILY = 3;
				TEST_HOST = "$(BUILT_PRODUCTS_DIR)/slides.app/slides";
				TVOS_DEPLOYMENT_TARGET = 14.5;
			};
			name = Release;
		};
		5FCEB90C240C51D600F9885A /* Debug */ = {
			isa = XCBuildConfiguration;
			buildSettings = {
				ALWAYS_SEARCH_USER_PATHS = NO;
				CLANG_ANALYZER_NONNULL = YES;
				CLANG_ANALYZER_NUMBER_OBJECT_CONVERSION = YES_AGGRESSIVE;
				CLANG_CXX_LANGUAGE_STANDARD = "gnu++14";
				CLANG_CXX_LIBRARY = "libc++";
				CLANG_ENABLE_MODULES = YES;
				CLANG_ENABLE_OBJC_ARC = YES;
				CLANG_ENABLE_OBJC_WEAK = YES;
				CLANG_WARN_BLOCK_CAPTURE_AUTORELEASING = YES;
				CLANG_WARN_BOOL_CONVERSION = YES;
				CLANG_WARN_COMMA = YES;
				CLANG_WARN_CONSTANT_CONVERSION = YES;
				CLANG_WARN_DEPRECATED_OBJC_IMPLEMENTATIONS = YES;
				CLANG_WARN_DIRECT_OBJC_ISA_USAGE = YES_ERROR;
				CLANG_WARN_DOCUMENTATION_COMMENTS = YES;
				CLANG_WARN_EMPTY_BODY = YES;
				CLANG_WARN_ENUM_CONVERSION = YES;
				CLANG_WARN_INFINITE_RECURSION = YES;
				CLANG_WARN_INT_CONVERSION = YES;
				CLANG_WARN_NON_LITERAL_NULL_CONVERSION = YES;
				CLANG_WARN_OBJC_IMPLICIT_RETAIN_SELF = YES;
				CLANG_WARN_OBJC_LITERAL_CONVERSION = YES;
				CLANG_WARN_OBJC_ROOT_CLASS = YES_ERROR;
				CLANG_WARN_QUOTED_INCLUDE_IN_FRAMEWORK_HEADER = YES;
				CLANG_WARN_RANGE_LOOP_ANALYSIS = YES;
				CLANG_WARN_STRICT_PROTOTYPES = YES;
				CLANG_WARN_SUSPICIOUS_MOVE = YES;
				CLANG_WARN_UNGUARDED_AVAILABILITY = YES_AGGRESSIVE;
				CLANG_WARN_UNREACHABLE_CODE = YES;
				CLANG_WARN__DUPLICATE_METHOD_MATCH = YES;
				COPY_PHASE_STRIP = NO;
				DEBUG_INFORMATION_FORMAT = dwarf;
				ENABLE_STRICT_OBJC_MSGSEND = YES;
				ENABLE_TESTABILITY = YES;
				ENABLE_USER_SCRIPT_SANDBOXING = YES;
				GCC_C_LANGUAGE_STANDARD = gnu11;
				GCC_DYNAMIC_NO_PIC = NO;
				GCC_NO_COMMON_BLOCKS = YES;
				GCC_OPTIMIZATION_LEVEL = 0;
				GCC_PREPROCESSOR_DEFINITIONS = (
					"DEBUG=1",
					"$(inherited)",
				);
				GCC_WARN_64_TO_32_BIT_CONVERSION = YES;
				GCC_WARN_ABOUT_RETURN_TYPE = YES_ERROR;
				GCC_WARN_UNDECLARED_SELECTOR = YES;
				GCC_WARN_UNINITIALIZED_AUTOS = YES_AGGRESSIVE;
				GCC_WARN_UNUSED_FUNCTION = YES;
				GCC_WARN_UNUSED_VARIABLE = YES;
				MTL_ENABLE_DEBUG_INFO = INCLUDE_SOURCE;
				MTL_FAST_MATH = YES;
				ONLY_ACTIVE_ARCH = YES;
				SDKROOT = appletvos;
				SWIFT_ACTIVE_COMPILATION_CONDITIONS = DEBUG;
				SWIFT_OPTIMIZATION_LEVEL = "-Onone";
				TVOS_DEPLOYMENT_TARGET = 15.0;
			};
			name = Debug;
		};
		5FCEB90D240C51D600F9885A /* Release */ = {
			isa = XCBuildConfiguration;
			buildSettings = {
				ALWAYS_SEARCH_USER_PATHS = NO;
				CLANG_ANALYZER_NONNULL = YES;
				CLANG_ANALYZER_NUMBER_OBJECT_CONVERSION = YES_AGGRESSIVE;
				CLANG_CXX_LANGUAGE_STANDARD = "gnu++14";
				CLANG_CXX_LIBRARY = "libc++";
				CLANG_ENABLE_MODULES = YES;
				CLANG_ENABLE_OBJC_ARC = YES;
				CLANG_ENABLE_OBJC_WEAK = YES;
				CLANG_WARN_BLOCK_CAPTURE_AUTORELEASING = YES;
				CLANG_WARN_BOOL_CONVERSION = YES;
				CLANG_WARN_COMMA = YES;
				CLANG_WARN_CONSTANT_CONVERSION = YES;
				CLANG_WARN_DEPRECATED_OBJC_IMPLEMENTATIONS = YES;
				CLANG_WARN_DIRECT_OBJC_ISA_USAGE = YES_ERROR;
				CLANG_WARN_DOCUMENTATION_COMMENTS = YES;
				CLANG_WARN_EMPTY_BODY = YES;
				CLANG_WARN_ENUM_CONVERSION = YES;
				CLANG_WARN_INFINITE_RECURSION = YES;
				CLANG_WARN_INT_CONVERSION = YES;
				CLANG_WARN_NON_LITERAL_NULL_CONVERSION = YES;
				CLANG_WARN_OBJC_IMPLICIT_RETAIN_SELF = YES;
				CLANG_WARN_OBJC_LITERAL_CONVERSION = YES;
				CLANG_WARN_OBJC_ROOT_CLASS = YES_ERROR;
				CLANG_WARN_QUOTED_INCLUDE_IN_FRAMEWORK_HEADER = YES;
				CLANG_WARN_RANGE_LOOP_ANALYSIS = YES;
				CLANG_WARN_STRICT_PROTOTYPES = YES;
				CLANG_WARN_SUSPICIOUS_MOVE = YES;
				CLANG_WARN_UNGUARDED_AVAILABILITY = YES_AGGRESSIVE;
				CLANG_WARN_UNREACHABLE_CODE = YES;
				CLANG_WARN__DUPLICATE_METHOD_MATCH = YES;
				COPY_PHASE_STRIP = NO;
				DEBUG_INFORMATION_FORMAT = "dwarf-with-dsym";
				ENABLE_NS_ASSERTIONS = NO;
				ENABLE_STRICT_OBJC_MSGSEND = YES;
				ENABLE_USER_SCRIPT_SANDBOXING = YES;
				GCC_C_LANGUAGE_STANDARD = gnu11;
				GCC_NO_COMMON_BLOCKS = YES;
				GCC_WARN_64_TO_32_BIT_CONVERSION = YES;
				GCC_WARN_ABOUT_RETURN_TYPE = YES_ERROR;
				GCC_WARN_UNDECLARED_SELECTOR = YES;
				GCC_WARN_UNINITIALIZED_AUTOS = YES_AGGRESSIVE;
				GCC_WARN_UNUSED_FUNCTION = YES;
				GCC_WARN_UNUSED_VARIABLE = YES;
				MTL_ENABLE_DEBUG_INFO = NO;
				MTL_FAST_MATH = YES;
				SDKROOT = appletvos;
				SWIFT_COMPILATION_MODE = wholemodule;
				SWIFT_OPTIMIZATION_LEVEL = "-O";
				TVOS_DEPLOYMENT_TARGET = 15.0;
				VALIDATE_PRODUCT = YES;
			};
			name = Release;
		};
		5FCEB90F240C51D600F9885A /* Debug */ = {
			isa = XCBuildConfiguration;
			buildSettings = {
				ASSETCATALOG_COMPILER_APPICON_NAME = "App Icon & Top Shelf Image";
				CODE_SIGN_ENTITLEMENTS = slides/slidesDebug.entitlements;
				CODE_SIGN_IDENTITY = "Apple Development";
				CODE_SIGN_STYLE = Automatic;
				CURRENT_PROJECT_VERSION = 7;
				DEVELOPMENT_ASSET_PATHS = "slides/Preview\\ Content";
				DEVELOPMENT_TEAM = 48J595L9BX;
				ENABLE_PREVIEWS = YES;
				INFOPLIST_FILE = slides/Info.plist;
				INFOPLIST_KEY_CFBundleDisplayName = SlideOnTV;
				INFOPLIST_KEY_LSApplicationCategoryType = "public.app-category.utilities";
				LD_RUNPATH_SEARCH_PATHS = (
					"$(inherited)",
					"@executable_path/Frameworks",
				);
				MARKETING_VERSION = 3.0;
				PRODUCT_BUNDLE_IDENTIFIER = org.bsc.slides;
				PRODUCT_NAME = "$(TARGET_NAME)";
				PROVISIONING_PROFILE_SPECIFIER = "";
				SWIFT_VERSION = 5.0;
				TARGETED_DEVICE_FAMILY = 3;
				TVOS_DEPLOYMENT_TARGET = 16.0;
			};
			name = Debug;
		};
		5FCEB910240C51D600F9885A /* Release */ = {
			isa = XCBuildConfiguration;
			buildSettings = {
				ASSETCATALOG_COMPILER_APPICON_NAME = "App Icon & Top Shelf Image";
				CODE_SIGN_ENTITLEMENTS = slides/slides.entitlements;
				CODE_SIGN_IDENTITY = "Apple Development";
				CODE_SIGN_STYLE = Automatic;
				CURRENT_PROJECT_VERSION = 7;
				DEVELOPMENT_ASSET_PATHS = "slides/Preview\\ Content";
				DEVELOPMENT_TEAM = 48J595L9BX;
				ENABLE_PREVIEWS = YES;
				INFOPLIST_FILE = slides/Info.plist;
				INFOPLIST_KEY_CFBundleDisplayName = SlideOnTV;
				INFOPLIST_KEY_LSApplicationCategoryType = "public.app-category.utilities";
				LD_RUNPATH_SEARCH_PATHS = (
					"$(inherited)",
					"@executable_path/Frameworks",
				);
				MARKETING_VERSION = 3.0;
				PRODUCT_BUNDLE_IDENTIFIER = org.bsc.slides;
				PRODUCT_NAME = "$(TARGET_NAME)";
				PROVISIONING_PROFILE_SPECIFIER = "";
				SWIFT_VERSION = 5.0;
				TARGETED_DEVICE_FAMILY = 3;
				TVOS_DEPLOYMENT_TARGET = 16.0;
			};
			name = Release;
		};
/* End XCBuildConfiguration section */

/* Begin XCConfigurationList section */
		5F3A6E6F2690EEB5001A3F9F /* Build configuration list for PBXNativeTarget "slidesTests" */ = {
			isa = XCConfigurationList;
			buildConfigurations = (
				5F3A6E702690EEB5001A3F9F /* Debug */,
				5F3A6E712690EEB5001A3F9F /* Release */,
			);
			defaultConfigurationIsVisible = 0;
			defaultConfigurationName = Release;
		};
		5FCEB8F7240C51D600F9885A /* Build configuration list for PBXProject "slides" */ = {
			isa = XCConfigurationList;
			buildConfigurations = (
				5FCEB90C240C51D600F9885A /* Debug */,
				5FCEB90D240C51D600F9885A /* Release */,
			);
			defaultConfigurationIsVisible = 0;
			defaultConfigurationName = Release;
		};
		5FCEB90E240C51D600F9885A /* Build configuration list for PBXNativeTarget "slides" */ = {
			isa = XCConfigurationList;
			buildConfigurations = (
				5FCEB90F240C51D600F9885A /* Debug */,
				5FCEB910240C51D600F9885A /* Release */,
			);
			defaultConfigurationIsVisible = 0;
			defaultConfigurationName = Release;
		};
/* End XCConfigurationList section */

/* Begin XCRemoteSwiftPackageReference section */
		5F001174278372AC00F1AA41 /* XCRemoteSwiftPackageReference "TVOSToast" */ = {
			isa = XCRemoteSwiftPackageReference;
			repositoryURL = "https://github.com/bsorrentino/TVOSToast";
			requirement = {
				branch = master;
				kind = branch;
			};
		};
/* End XCRemoteSwiftPackageReference section */

/* Begin XCSwiftPackageProductDependency section */
		5F001175278372AC00F1AA41 /* TVOSToast */ = {
			isa = XCSwiftPackageProductDependency;
			package = 5F001174278372AC00F1AA41 /* XCRemoteSwiftPackageReference "TVOSToast" */;
			productName = TVOSToast;
		};
		A0B2674327F07993007B5BCA /* PDFReader */ = {
			isa = XCSwiftPackageProductDependency;
			productName = PDFReader;
		};
/* End XCSwiftPackageProductDependency section */
	};
	rootObject = 5FCEB8F4240C51D600F9885A /* Project object */;
}
