// !$*UTF8*$!
{
	archiveVersion = 1;
	classes = {
	};
	objectVersion = 50;
	objects = {

/* Begin PBXBuildFile section */
		5FCEB900240C51D600F9885A /* App.swift in Sources */ = {isa = PBXBuildFile; fileRef = 5FCEB8FF240C51D600F9885A /* App.swift */; };
		5FCEB902240C51D600F9885A /* ContentView.swift in Sources */ = {isa = PBXBuildFile; fileRef = 5FCEB901240C51D600F9885A /* ContentView.swift */; };
		5FCEB904240C51D600F9885A /* Assets.xcassets in Resources */ = {isa = PBXBuildFile; fileRef = 5FCEB903240C51D600F9885A /* Assets.xcassets */; };
		5FCEB907240C51D600F9885A /* Preview Assets.xcassets in Resources */ = {isa = PBXBuildFile; fileRef = 5FCEB906240C51D600F9885A /* Preview Assets.xcassets */; };
		5FCEB90A240C51D600F9885A /* LaunchScreen.storyboard in Resources */ = {isa = PBXBuildFile; fileRef = 5FCEB908240C51D600F9885A /* LaunchScreen.storyboard */; };
		A05CB1F4268F59B9001F26E4 /* SearchBar.swift in Sources */ = {isa = PBXBuildFile; fileRef = A05CB1F3268F59B9001F26E4 /* SearchBar.swift */; };
		A05CB1F6268F59F5001F26E4 /* SearchSlides.swift in Sources */ = {isa = PBXBuildFile; fileRef = A05CB1F5268F59F5001F26E4 /* SearchSlides.swift */; };
/* End PBXBuildFile section */

/* Begin PBXFileReference section */
		5FCEB8FC240C51D600F9885A /* slides.app */ = {isa = PBXFileReference; explicitFileType = wrapper.application; includeInIndex = 0; path = slides.app; sourceTree = BUILT_PRODUCTS_DIR; };
		5FCEB8FF240C51D600F9885A /* App.swift */ = {isa = PBXFileReference; lastKnownFileType = sourcecode.swift; path = App.swift; sourceTree = "<group>"; };
		5FCEB901240C51D600F9885A /* ContentView.swift */ = {isa = PBXFileReference; lastKnownFileType = sourcecode.swift; path = ContentView.swift; sourceTree = "<group>"; };
		5FCEB903240C51D600F9885A /* Assets.xcassets */ = {isa = PBXFileReference; lastKnownFileType = folder.assetcatalog; path = Assets.xcassets; sourceTree = "<group>"; };
		5FCEB906240C51D600F9885A /* Preview Assets.xcassets */ = {isa = PBXFileReference; lastKnownFileType = folder.assetcatalog; path = "Preview Assets.xcassets"; sourceTree = "<group>"; };
		5FCEB909240C51D600F9885A /* Base */ = {isa = PBXFileReference; lastKnownFileType = file.storyboard; name = Base; path = Base.lproj/LaunchScreen.storyboard; sourceTree = "<group>"; };
		5FCEB90B240C51D600F9885A /* Info.plist */ = {isa = PBXFileReference; lastKnownFileType = text.plist.xml; path = Info.plist; sourceTree = "<group>"; };
		A05CB1F3268F59B9001F26E4 /* SearchBar.swift */ = {isa = PBXFileReference; lastKnownFileType = sourcecode.swift; path = SearchBar.swift; sourceTree = "<group>"; };
		A05CB1F5268F59F5001F26E4 /* SearchSlides.swift */ = {isa = PBXFileReference; lastKnownFileType = sourcecode.swift; path = SearchSlides.swift; sourceTree = "<group>"; };
/* End PBXFileReference section */

/* Begin PBXFrameworksBuildPhase section */
		5FCEB8F9240C51D600F9885A /* Frameworks */ = {
			isa = PBXFrameworksBuildPhase;
			buildActionMask = 2147483647;
			files = (
			);
			runOnlyForDeploymentPostprocessing = 0;
		};
/* End PBXFrameworksBuildPhase section */

/* Begin PBXGroup section */
		5FCEB8F3240C51D600F9885A = {
			isa = PBXGroup;
			children = (
				5FCEB8FE240C51D600F9885A /* slides */,
				5FCEB8FD240C51D600F9885A /* Products */,
			);
			sourceTree = "<group>";
		};
		5FCEB8FD240C51D600F9885A /* Products */ = {
			isa = PBXGroup;
			children = (
				5FCEB8FC240C51D600F9885A /* slides.app */,
			);
			name = Products;
			sourceTree = "<group>";
		};
		5FCEB8FE240C51D600F9885A /* slides */ = {
			isa = PBXGroup;
			children = (
				5FCEB8FF240C51D600F9885A /* App.swift */,
				5FCEB901240C51D600F9885A /* ContentView.swift */,
				5FCEB903240C51D600F9885A /* Assets.xcassets */,
				5FCEB908240C51D600F9885A /* LaunchScreen.storyboard */,
				5FCEB90B240C51D600F9885A /* Info.plist */,
				5FCEB905240C51D600F9885A /* Preview Content */,
				A05CB1F3268F59B9001F26E4 /* SearchBar.swift */,
				A05CB1F5268F59F5001F26E4 /* SearchSlides.swift */,
			);
			path = slides;
			sourceTree = "<group>";
		};
		5FCEB905240C51D600F9885A /* Preview Content */ = {
			isa = PBXGroup;
			children = (
				5FCEB906240C51D600F9885A /* Preview Assets.xcassets */,
			);
			path = "Preview Content";
			sourceTree = "<group>";
		};
/* End PBXGroup section */

/* Begin PBXNativeTarget section */
		5FCEB8FB240C51D600F9885A /* slides */ = {
			isa = PBXNativeTarget;
			buildConfigurationList = 5FCEB90E240C51D600F9885A /* Build configuration list for PBXNativeTarget "slides" */;
			buildPhases = (
				5FCEB8F8240C51D600F9885A /* Sources */,
				5FCEB8F9240C51D600F9885A /* Frameworks */,
				5FCEB8FA240C51D600F9885A /* Resources */,
			);
			buildRules = (
			);
			dependencies = (
			);
			name = slides;
			productName = slides;
			productReference = 5FCEB8FC240C51D600F9885A /* slides.app */;
			productType = "com.apple.product-type.application";
		};
/* End PBXNativeTarget section */

/* Begin PBXProject section */
		5FCEB8F4240C51D600F9885A /* Project object */ = {
			isa = PBXProject;
			attributes = {
				LastSwiftUpdateCheck = 1130;
				LastUpgradeCheck = 1130;
				ORGANIZATIONNAME = bsorrentino;
				TargetAttributes = {
					5FCEB8FB240C51D600F9885A = {
						CreatedOnToolsVersion = 11.3.1;
					};
				};
			};
			buildConfigurationList = 5FCEB8F7240C51D600F9885A /* Build configuration list for PBXProject "slides" */;
			compatibilityVersion = "Xcode 9.3";
			developmentRegion = en;
			hasScannedForEncodings = 0;
			knownRegions = (
				en,
				Base,
			);
			mainGroup = 5FCEB8F3240C51D600F9885A;
			productRefGroup = 5FCEB8FD240C51D600F9885A /* Products */;
			projectDirPath = "";
			projectRoot = "";
			targets = (
				5FCEB8FB240C51D600F9885A /* slides */,
			);
		};
/* End PBXProject section */

/* Begin PBXResourcesBuildPhase section */
		5FCEB8FA240C51D600F9885A /* Resources */ = {
			isa = PBXResourcesBuildPhase;
			buildActionMask = 2147483647;
			files = (
				5FCEB90A240C51D600F9885A /* LaunchScreen.storyboard in Resources */,
				5FCEB907240C51D600F9885A /* Preview Assets.xcassets in Resources */,
				5FCEB904240C51D600F9885A /* Assets.xcassets in Resources */,
			);
			runOnlyForDeploymentPostprocessing = 0;
		};
/* End PBXResourcesBuildPhase section */

/* Begin PBXSourcesBuildPhase section */
		5FCEB8F8240C51D600F9885A /* Sources */ = {
			isa = PBXSourcesBuildPhase;
			buildActionMask = 2147483647;
			files = (
				5FCEB902240C51D600F9885A /* ContentView.swift in Sources */,
				5FCEB900240C51D600F9885A /* App.swift in Sources */,
				A05CB1F4268F59B9001F26E4 /* SearchBar.swift in Sources */,
				A05CB1F6268F59F5001F26E4 /* SearchSlides.swift in Sources */,
			);
			runOnlyForDeploymentPostprocessing = 0;
		};
/* End PBXSourcesBuildPhase section */

/* Begin PBXVariantGroup section */
		5FCEB908240C51D600F9885A /* LaunchScreen.storyboard */ = {
			isa = PBXVariantGroup;
			children = (
				5FCEB909240C51D600F9885A /* Base */,
			);
			name = LaunchScreen.storyboard;
			sourceTree = "<group>";
		};
/* End PBXVariantGroup section */

/* Begin XCBuildConfiguration section */
		5FCEB90C240C51D600F9885A /* Debug */ = {
			isa = XCBuildConfiguration;
			buildSettings = {
				ALWAYS_SEARCH_USER_PATHS = NO;
				CLANG_ANALYZER_NONNULL = YES;
				CLANG_ANALYZER_NUMBER_OBJECT_CONVERSION = YES_AGGRESSIVE;
				CLANG_CXX_LANGUAGE_STANDARD = "gnu++14";
				CLANG_CXX_LIBRARY = "libc++";
				CLANG_ENABLE_MODULES = YES;
				CLANG_ENABLE_OBJC_ARC = YES;
				CLANG_ENABLE_OBJC_WEAK = YES;
				CLANG_WARN_BLOCK_CAPTURE_AUTORELEASING = YES;
				CLANG_WARN_BOOL_CONVERSION = YES;
				CLANG_WARN_COMMA = YES;
				CLANG_WARN_CONSTANT_CONVERSION = YES;
				CLANG_WARN_DEPRECATED_OBJC_IMPLEMENTATIONS = YES;
				CLANG_WARN_DIRECT_OBJC_ISA_USAGE = YES_ERROR;
				CLANG_WARN_DOCUMENTATION_COMMENTS = YES;
				CLANG_WARN_EMPTY_BODY = YES;
				CLANG_WARN_ENUM_CONVERSION = YES;
				CLANG_WARN_INFINITE_RECURSION = YES;
				CLANG_WARN_INT_CONVERSION = YES;
				CLANG_WARN_NON_LITERAL_NULL_CONVERSION = YES;
				CLANG_WARN_OBJC_IMPLICIT_RETAIN_SELF = YES;
				CLANG_WARN_OBJC_LITERAL_CONVERSION = YES;
				CLANG_WARN_OBJC_ROOT_CLASS = YES_ERROR;
				CLANG_WARN_RANGE_LOOP_ANALYSIS = YES;
				CLANG_WARN_STRICT_PROTOTYPES = YES;
				CLANG_WARN_SUSPICIOUS_MOVE = YES;
				CLANG_WARN_UNGUARDED_AVAILABILITY = YES_AGGRESSIVE;
				CLANG_WARN_UNREACHABLE_CODE = YES;
				CLANG_WARN__DUPLICATE_METHOD_MATCH = YES;
				COPY_PHASE_STRIP = NO;
				DEBUG_INFORMATION_FORMAT = dwarf;
				ENABLE_STRICT_OBJC_MSGSEND = YES;
				ENABLE_TESTABILITY = YES;
				GCC_C_LANGUAGE_STANDARD = gnu11;
				GCC_DYNAMIC_NO_PIC = NO;
				GCC_NO_COMMON_BLOCKS = YES;
				GCC_OPTIMIZATION_LEVEL = 0;
				GCC_PREPROCESSOR_DEFINITIONS = (
					"DEBUG=1",
					"$(inherited)",
				);
				GCC_WARN_64_TO_32_BIT_CONVERSION = YES;
				GCC_WARN_ABOUT_RETURN_TYPE = YES_ERROR;
				GCC_WARN_UNDECLARED_SELECTOR = YES;
				GCC_WARN_UNINITIALIZED_AUTOS = YES_AGGRESSIVE;
				GCC_WARN_UNUSED_FUNCTION = YES;
				GCC_WARN_UNUSED_VARIABLE = YES;
				MTL_ENABLE_DEBUG_INFO = INCLUDE_SOURCE;
				MTL_FAST_MATH = YES;
				ONLY_ACTIVE_ARCH = YES;
				SDKROOT = appletvos;
				SWIFT_ACTIVE_COMPILATION_CONDITIONS = DEBUG;
				SWIFT_OPTIMIZATION_LEVEL = "-Onone";
				TVOS_DEPLOYMENT_TARGET = 13.2;
			};
			name = Debug;
		};
		5FCEB90D240C51D600F9885A /* Release */ = {
			isa = XCBuildConfiguration;
			buildSettings = {
				ALWAYS_SEARCH_USER_PATHS = NO;
				CLANG_ANALYZER_NONNULL = YES;
				CLANG_ANALYZER_NUMBER_OBJECT_CONVERSION = YES_AGGRESSIVE;
				CLANG_CXX_LANGUAGE_STANDARD = "gnu++14";
				CLANG_CXX_LIBRARY = "libc++";
				CLANG_ENABLE_MODULES = YES;
				CLANG_ENABLE_OBJC_ARC = YES;
				CLANG_ENABLE_OBJC_WEAK = YES;
				CLANG_WARN_BLOCK_CAPTURE_AUTORELEASING = YES;
				CLANG_WARN_BOOL_CONVERSION = YES;
				CLANG_WARN_COMMA = YES;
				CLANG_WARN_CONSTANT_CONVERSION = YES;
				CLANG_WARN_DEPRECATED_OBJC_IMPLEMENTATIONS = YES;
				CLANG_WARN_DIRECT_OBJC_ISA_USAGE = YES_ERROR;
				CLANG_WARN_DOCUMENTATION_COMMENTS = YES;
				CLANG_WARN_EMPTY_BODY = YES;
				CLANG_WARN_ENUM_CONVERSION = YES;
				CLANG_WARN_INFINITE_RECURSION = YES;
				CLANG_WARN_INT_CONVERSION = YES;
				CLANG_WARN_NON_LITERAL_NULL_CONVERSION = YES;
				CLANG_WARN_OBJC_IMPLICIT_RETAIN_SELF = YES;
				CLANG_WARN_OBJC_LITERAL_CONVERSION = YES;
				CLANG_WARN_OBJC_ROOT_CLASS = YES_ERROR;
				CLANG_WARN_RANGE_LOOP_ANALYSIS = YES;
				CLANG_WARN_STRICT_PROTOTYPES = YES;
				CLANG_WARN_SUSPICIOUS_MOVE = YES;
				CLANG_WARN_UNGUARDED_AVAILABILITY = YES_AGGRESSIVE;
				CLANG_WARN_UNREACHABLE_CODE = YES;
				CLANG_WARN__DUPLICATE_METHOD_MATCH = YES;
				COPY_PHASE_STRIP = NO;
				DEBUG_INFORMATION_FORMAT = "dwarf-with-dsym";
				ENABLE_NS_ASSERTIONS = NO;
				ENABLE_STRICT_OBJC_MSGSEND = YES;
				GCC_C_LANGUAGE_STANDARD = gnu11;
				GCC_NO_COMMON_BLOCKS = YES;
				GCC_WARN_64_TO_32_BIT_CONVERSION = YES;
				GCC_WARN_ABOUT_RETURN_TYPE = YES_ERROR;
				GCC_WARN_UNDECLARED_SELECTOR = YES;
				GCC_WARN_UNINITIALIZED_AUTOS = YES_AGGRESSIVE;
				GCC_WARN_UNUSED_FUNCTION = YES;
				GCC_WARN_UNUSED_VARIABLE = YES;
				MTL_ENABLE_DEBUG_INFO = NO;
				MTL_FAST_MATH = YES;
				SDKROOT = appletvos;
				SWIFT_COMPILATION_MODE = wholemodule;
				SWIFT_OPTIMIZATION_LEVEL = "-O";
				TVOS_DEPLOYMENT_TARGET = 13.2;
				VALIDATE_PRODUCT = YES;
			};
			name = Release;
		};
		5FCEB90F240C51D600F9885A /* Debug */ = {
			isa = XCBuildConfiguration;
			buildSettings = {
				ASSETCATALOG_COMPILER_APPICON_NAME = "App Icon & Top Shelf Image";
				CODE_SIGN_STYLE = Automatic;
				DEVELOPMENT_ASSET_PATHS = "\"slides/Preview Content\"";
				DEVELOPMENT_TEAM = 48J595L9BX;
				ENABLE_PREVIEWS = YES;
				INFOPLIST_FILE = slides/Info.plist;
				LD_RUNPATH_SEARCH_PATHS = (
					"$(inherited)",
					"@executable_path/Frameworks",
				);
				PRODUCT_BUNDLE_IDENTIFIER = org.bsc.slides;
				PRODUCT_NAME = "$(TARGET_NAME)";
				SWIFT_VERSION = 5.0;
				TARGETED_DEVICE_FAMILY = 3;
				TVOS_DEPLOYMENT_TARGET = 14.1;
			};
			name = Debug;
		};
		5FCEB910240C51D600F9885A /* Release */ = {
			isa = XCBuildConfiguration;
			buildSettings = {
				ASSETCATALOG_COMPILER_APPICON_NAME = "App Icon & Top Shelf Image";
				CODE_SIGN_STYLE = Automatic;
				DEVELOPMENT_ASSET_PATHS = "\"slides/Preview Content\"";
				DEVELOPMENT_TEAM = 48J595L9BX;
				ENABLE_PREVIEWS = YES;
				INFOPLIST_FILE = slides/Info.plist;
				LD_RUNPATH_SEARCH_PATHS = (
					"$(inherited)",
					"@executable_path/Frameworks",
				);
				PRODUCT_BUNDLE_IDENTIFIER = org.bsc.slides;
				PRODUCT_NAME = "$(TARGET_NAME)";
				SWIFT_VERSION = 5.0;
				TARGETED_DEVICE_FAMILY = 3;
				TVOS_DEPLOYMENT_TARGET = 14.1;
			};
			name = Release;
		};
/* End XCBuildConfiguration section */

/* Begin XCConfigurationList section */
		5FCEB8F7240C51D600F9885A /* Build configuration list for PBXProject "slides" */ = {
			isa = XCConfigurationList;
			buildConfigurations = (
				5FCEB90C240C51D600F9885A /* Debug */,
				5FCEB90D240C51D600F9885A /* Release */,
			);
			defaultConfigurationIsVisible = 0;
			defaultConfigurationName = Release;
		};
		5FCEB90E240C51D600F9885A /* Build configuration list for PBXNativeTarget "slides" */ = {
			isa = XCConfigurationList;
			buildConfigurations = (
				5FCEB90F240C51D600F9885A /* Debug */,
				5FCEB910240C51D600F9885A /* Release */,
			);
			defaultConfigurationIsVisible = 0;
			defaultConfigurationName = Release;
		};
/* End XCConfigurationList section */
	};
	rootObject = 5FCEB8F4240C51D600F9885A /* Project object */;
}
