// !$*UTF8*$!
{
	archiveVersion = 1;
	classes = {
	};
	objectVersion = 46;
	objects = {

/* Begin PBXBuildFile section */
		19A0B59C9F8E4C1F03DC342E = {
			isa = PBXBuildFile;
			fileRef = 72AC764941F42073BE773121;
		};
		5F4515A71CC2F112004C4004 = {
			isa = PBXBuildFile;
			fileRef = 5F4515A41CC2F112004C4004;
		};
		5F4515A81CC2F112004C4004 = {
			isa = PBXBuildFile;
			fileRef = 5F4515A51CC2F112004C4004;
		};
		5F4515AA1CC2F277004C4004 = {
			isa = PBXBuildFile;
			fileRef = 5F4515A91CC2F277004C4004;
		};
		5F4515AB1CC2F355004C4004 = {
			isa = PBXBuildFile;
			fileRef = 5F4515A41CC2F112004C4004;
		};
		5F4515AC1CC2F355004C4004 = {
			isa = PBXBuildFile;
			fileRef = 5F4515A51CC2F112004C4004;
		};
		5F57DE0B1CC3DCCF00D5F1B8 = {
			isa = PBXBuildFile;
			fileRef = 5F57DE0A1CC3DCCF00D5F1B8;
		};
		5F57DE131CC42B7500D5F1B8 = {
			isa = PBXBuildFile;
			fileRef = 5F57DE101CC42B7500D5F1B8;
		};
		5F9623511CBBF80400F61D9C = {
			isa = PBXBuildFile;
			fileRef = 5F9623501CBBF80400F61D9C;
		};
		5F9623531CBBF94900F61D9C = {
			isa = PBXBuildFile;
			fileRef = 5F9623521CBBF94900F61D9C;
		};
		5FB6D3861CAEF8B100D7AA80 = {
			isa = PBXBuildFile;
			fileRef = 5FB6D3851CAEF8B100D7AA80;
		};
		5FC7A4AA1CAD8CA000530CB0 = {
			isa = PBXBuildFile;
			fileRef = 5FC7A4A91CAD8CA000530CB0;
		};
		5FC7A4AC1CAD8CEC00530CB0 = {
			isa = PBXBuildFile;
			fileRef = 5FD9A2F91CAD596F0065BE03;
			settings = {
				ATTRIBUTES = (
					Weak,
				);
			};
		};
		5FC7A4AD1CAD8D0700530CB0 = {
			isa = PBXBuildFile;
			fileRef = 5FC7A4A91CAD8CA000530CB0;
		};
		5FD9A2CF1CAD19590065BE03 = {
			isa = PBXBuildFile;
			fileRef = 5FD9A2CE1CAD19590065BE03;
		};
		5FD9A2D11CAD19590065BE03 = {
			isa = PBXBuildFile;
			fileRef = 5FD9A2D01CAD19590065BE03;
		};
		5FD9A2D41CAD19590065BE03 = {
			isa = PBXBuildFile;
			fileRef = 5FD9A2D21CAD19590065BE03;
		};
		5FD9A2D61CAD19590065BE03 = {
			isa = PBXBuildFile;
			fileRef = 5FD9A2D51CAD19590065BE03;
		};
		5FD9A2E11CAD195A0065BE03 = {
			isa = PBXBuildFile;
			fileRef = 5FD9A2E01CAD195A0065BE03;
		};
		5FD9A2EC1CAD195A0065BE03 = {
			isa = PBXBuildFile;
			fileRef = 5FD9A2EB1CAD195A0065BE03;
		};
		70287CC98CBB4D1000832D6A = {
			isa = PBXBuildFile;
			fileRef = ED3F2FC52E815F2F5BE85EF4;
		};
		93AFF38DF839D9FB03949E49 = {
			isa = PBXBuildFile;
			fileRef = FF57176650C748DF95AEACB5;
		};
		A06B6D531CBFA23900CBE220 = {
			isa = PBXBuildFile;
			fileRef = A06B6D521CBFA23900CBE220;
		};
		A06B6D551CBFCCA000CBE220 = {
			isa = PBXBuildFile;
			fileRef = A06B6D541CBFCCA000CBE220;
		};
		A06B6D571CBFCEA800CBE220 = {
			isa = PBXBuildFile;
			fileRef = A06B6D561CBFCEA800CBE220;
		};
		A0889C3C1CE8F4430050094D = {
			isa = PBXBuildFile;
			fileRef = A0889C3B1CE8F4430050094D;
		};
		A0C8B3E71CCCC8CF007352B6 = {
			isa = PBXBuildFile;
			fileRef = A0C8B3E61CCCC8CF007352B6;
		};
		C3F8E7A31B2D198534D793D2 = {
			isa = PBXBuildFile;
			fileRef = 29922D394E25E590CB68BD7B;
		};
/* End PBXBuildFile section */

/* Begin PBXContainerItemProxy section */
		5FD9A2DD1CAD195A0065BE03 = {
			isa = PBXContainerItemProxy;
			containerPortal = 5FD9A2C31CAD19590065BE03;
			proxyType = 1;
			remoteGlobalIDString = 5FD9A2CA1CAD19590065BE03;
			remoteInfo = slides;
		};
		5FD9A2E81CAD195A0065BE03 = {
			isa = PBXContainerItemProxy;
			containerPortal = 5FD9A2C31CAD19590065BE03;
			proxyType = 1;
			remoteGlobalIDString = 5FD9A2CA1CAD19590065BE03;
			remoteInfo = slides;
		};
/* End PBXContainerItemProxy section */

/* Begin PBXFileReference section */
		0EF8BC57A788D0E0DF6C08B3 = {
			isa = PBXFileReference;
			includeInIndex = 1;
			lastKnownFileType = text.xcconfig;
			name = "Pods-slidesTests.release.xcconfig";
			path = "Pods/Target Support Files/Pods-slidesTests/Pods-slidesTests.release.xcconfig";
			sourceTree = "<group>";
		};
		29922D394E25E590CB68BD7B = {
			isa = PBXFileReference;
			includeInIndex = 1;
			lastKnownFileType = sourcecode.swift;
			name = Settings.swift;
			path = slides/Settings.swift;
			sourceTree = SOURCE_ROOT;
		};
		2F2BE46D2D4FBC130BE3C6D2 = {
			isa = PBXFileReference;
			includeInIndex = 1;
			lastKnownFileType = text.xcconfig;
			name = "Pods-slidesTests.debug.xcconfig";
			path = "Pods/Target Support Files/Pods-slidesTests/Pods-slidesTests.debug.xcconfig";
			sourceTree = "<group>";
		};
		5F4515A41CC2F112004C4004 = {
			isa = PBXFileReference;
			fileEncoding = 4;
			lastKnownFileType = sourcecode.swift;
			path = TCBlobDownload.swift;
			sourceTree = "<group>";
		};
		5F4515A51CC2F112004C4004 = {
			isa = PBXFileReference;
			fileEncoding = 4;
			lastKnownFileType = sourcecode.swift;
			path = TCBlobDownloadManager.swift;
			sourceTree = "<group>";
		};
		5F4515A61CC2F112004C4004 = {
			isa = PBXFileReference;
			fileEncoding = 4;
			lastKnownFileType = sourcecode.c.h;
			path = TCBlobDownloadSwift.h;
			sourceTree = "<group>";
		};
		5F4515A91CC2F277004C4004 = {
			isa = PBXFileReference;
			fileEncoding = 4;
			lastKnownFileType = text.plist.xml;
			path = "Info-dev.plist";
			sourceTree = "<group>";
		};
		5F57DE091CC3DCCF00D5F1B8 = {
			isa = PBXFileReference;
			fileEncoding = 4;
			lastKnownFileType = sourcecode.c.h;
			path = TWRProgressView.h;
			sourceTree = "<group>";
		};
		5F57DE0A1CC3DCCF00D5F1B8 = {
			isa = PBXFileReference;
			fileEncoding = 4;
			lastKnownFileType = sourcecode.c.objc;
			path = TWRProgressView.m;
			sourceTree = "<group>";
		};
		5F57DE0F1CC42B7500D5F1B8 = {
			isa = PBXFileReference;
			fileEncoding = 4;
			lastKnownFileType = sourcecode.c.h;
			path = UAProgressView.h;
			sourceTree = "<group>";
		};
		5F57DE101CC42B7500D5F1B8 = {
			isa = PBXFileReference;
			fileEncoding = 4;
			lastKnownFileType = sourcecode.c.objc;
			path = UAProgressView.m;
			sourceTree = "<group>";
		};
		5F78DDA7280E489095201876 = {
			isa = PBXFileReference;
			includeInIndex = 1;
			lastKnownFileType = text.xcconfig;
			name = "Pods-slides.release.xcconfig";
			path = "Pods/Target Support Files/Pods-slides/Pods-slides.release.xcconfig";
			sourceTree = "<group>";
		};
		5F9623501CBBF80400F61D9C = {
			isa = PBXFileReference;
			fileEncoding = 4;
			lastKnownFileType = sourcecode.swift;
			path = SearchSlidesViewController.swift;
			sourceTree = "<group>";
		};
		5F9623521CBBF94900F61D9C = {
			isa = PBXFileReference;
			fileEncoding = 4;
			lastKnownFileType = sourcecode.swift;
			path = Slidehare.swift;
			sourceTree = "<group>";
		};
		5FB6D3851CAEF8B100D7AA80 = {
			isa = PBXFileReference;
			fileEncoding = 4;
			lastKnownFileType = sourcecode.swift;
			path = UIPDFCollectionViewController.swift;
			sourceTree = "<group>";
		};
		5FC7A4A51CAD8A8F00530CB0 = {
			isa = PBXFileReference;
			lastKnownFileType = sourcecode.c.h;
			path = "slides-Bridging-Header.h";
			sourceTree = "<group>";
		};
		5FC7A4A91CAD8CA000530CB0 = {
			isa = PBXFileReference;
			lastKnownFileType = image.pdf;
			name = rx1.pdf;
			path = assets/rx1.pdf;
			sourceTree = "<group>";
		};
		5FD9A2CB1CAD19590065BE03 = {
			isa = PBXFileReference;
			explicitFileType = wrapper.application;
			includeInIndex = 0;
			path = slides.app;
			sourceTree = BUILT_PRODUCTS_DIR;
		};
		5FD9A2CE1CAD19590065BE03 = {
			isa = PBXFileReference;
			lastKnownFileType = sourcecode.swift;
			path = AppDelegate.swift;
			sourceTree = "<group>";
		};
		5FD9A2D01CAD19590065BE03 = {
			isa = PBXFileReference;
			lastKnownFileType = sourcecode.swift;
			path = ViewController.swift;
			sourceTree = "<group>";
		};
		5FD9A2D31CAD19590065BE03 = {
			isa = PBXFileReference;
			lastKnownFileType = file.storyboard;
			name = Base;
			path = Base.lproj/Main.storyboard;
			sourceTree = "<group>";
		};
		5FD9A2D51CAD19590065BE03 = {
			isa = PBXFileReference;
			lastKnownFileType = folder.assetcatalog;
			path = Assets.xcassets;
			sourceTree = "<group>";
		};
		5FD9A2D71CAD19590065BE03 = {
			isa = PBXFileReference;
			lastKnownFileType = text.plist.xml;
			path = Info.plist;
			sourceTree = "<group>";
		};
		5FD9A2DC1CAD195A0065BE03 = {
			isa = PBXFileReference;
			explicitFileType = wrapper.cfbundle;
			includeInIndex = 0;
			path = slidesTests.xctest;
			sourceTree = BUILT_PRODUCTS_DIR;
		};
		5FD9A2E01CAD195A0065BE03 = {
			isa = PBXFileReference;
			lastKnownFileType = sourcecode.swift;
			path = slidesTests.swift;
			sourceTree = "<group>";
		};
		5FD9A2E21CAD195A0065BE03 = {
			isa = PBXFileReference;
			lastKnownFileType = text.plist.xml;
			path = Info.plist;
			sourceTree = "<group>";
		};
		5FD9A2E71CAD195A0065BE03 = {
			isa = PBXFileReference;
			explicitFileType = wrapper.cfbundle;
			includeInIndex = 0;
			path = slidesUITests.xctest;
			sourceTree = BUILT_PRODUCTS_DIR;
		};
		5FD9A2EB1CAD195A0065BE03 = {
			isa = PBXFileReference;
			lastKnownFileType = sourcecode.swift;
			path = slidesUITests.swift;
			sourceTree = "<group>";
		};
		5FD9A2ED1CAD195A0065BE03 = {
			isa = PBXFileReference;
			lastKnownFileType = text.plist.xml;
			path = Info.plist;
			sourceTree = "<group>";
		};
		5FD9A2F91CAD596F0065BE03 = {
			isa = PBXFileReference;
			lastKnownFileType = wrapper.framework;
			name = CloudKit.framework;
			path = System/Library/Frameworks/CloudKit.framework;
			sourceTree = SDKROOT;
		};
		5FD9A2FD1CAD5CFA0065BE03 = {
			isa = PBXFileReference;
			fileEncoding = 4;
			lastKnownFileType = text;
			path = Podfile;
			sourceTree = "<group>";
			xcLanguageSpecificationIdentifier = xcode.lang.ruby;
		};
		64436EEDA1BACA346304F88F = {
			isa = PBXFileReference;
			explicitFileType = wrapper.framework;
			includeInIndex = 0;
			path = "Pods-slides.framework";
			sourceTree = BUILT_PRODUCTS_DIR;
		};
		72AC764941F42073BE773121 = {
			isa = PBXFileReference;
			explicitFileType = wrapper.framework;
			includeInIndex = 0;
			path = Pods_slidesUITests.framework;
			sourceTree = BUILT_PRODUCTS_DIR;
		};
		734360EB957809BE75B83988 = {
			isa = PBXFileReference;
			includeInIndex = 1;
			lastKnownFileType = text.xcconfig;
			name = "Pods-slidesUITests.release.xcconfig";
			path = "Pods/Target Support Files/Pods-slidesUITests/Pods-slidesUITests.release.xcconfig";
			sourceTree = "<group>";
		};
		7D567B480DEA11A9F7C5D1AF = {
			isa = PBXFileReference;
			includeInIndex = 1;
			lastKnownFileType = text.xcconfig;
			name = "Pods-slidesUITests.debug.xcconfig";
			path = "Pods/Target Support Files/Pods-slidesUITests/Pods-slidesUITests.debug.xcconfig";
			sourceTree = "<group>";
		};
		A06B6D521CBFA23900CBE220 = {
			isa = PBXFileReference;
			fileEncoding = 4;
			lastKnownFileType = text.plist.xml;
			name = slideshare.plist;
			path = slides/slideshare.plist;
			sourceTree = "<group>";
		};
		A06B6D541CBFCCA000CBE220 = {
			isa = PBXFileReference;
			fileEncoding = 4;
			lastKnownFileType = net.daringfireball.markdown;
			path = README.md;
			sourceTree = "<group>";
		};
		A06B6D561CBFCEA800CBE220 = {
			isa = PBXFileReference;
			fileEncoding = 4;
			lastKnownFileType = net.daringfireball.markdown;
			path = SLIDESHARE.md;
			sourceTree = "<group>";
		};
		A0889C3B1CE8F4430050094D = {
			isa = PBXFileReference;
			lastKnownFileType = "wrapper.plug-in";
			name = Settings.bundle;
			path = slides/Settings.bundle;
			sourceTree = "<group>";
		};
		A0C8B3E61CCCC8CF007352B6 = {
			isa = PBXFileReference;
			fileEncoding = 4;
			lastKnownFileType = sourcecode.swift;
			path = ARLabel.swift;
			sourceTree = "<group>";
		};
		D94649D31AA267EE4C1C8238 = {
			isa = PBXFileReference;
			includeInIndex = 1;
			lastKnownFileType = text.xcconfig;
			name = "Pods-slides.debug.xcconfig";
			path = "Pods/Target Support Files/Pods-slides/Pods-slides.debug.xcconfig";
			sourceTree = "<group>";
		};
		ED3F2FC52E815F2F5BE85EF4 = {
			isa = PBXFileReference;
			explicitFileType = wrapper.framework;
			includeInIndex = 0;
			path = Pods_slides.framework;
			sourceTree = BUILT_PRODUCTS_DIR;
		};
		FF57176650C748DF95AEACB5 = {
			isa = PBXFileReference;
			explicitFileType = wrapper.framework;
			includeInIndex = 0;
			path = Pods_slidesTests.framework;
			sourceTree = BUILT_PRODUCTS_DIR;
		};
/* End PBXFileReference section */

/* Begin PBXFrameworksBuildPhase section */
		5FD9A2C81CAD19590065BE03 = {
			isa = PBXFrameworksBuildPhase;
			buildActionMask = 2147483647;
			files = (
				5FC7A4AC1CAD8CEC00530CB0,
				70287CC98CBB4D1000832D6A,
			);
			runOnlyForDeploymentPostprocessing = 0;
		};
		5FD9A2D91CAD19590065BE03 = {
			isa = PBXFrameworksBuildPhase;
			buildActionMask = 2147483647;
			files = (
				93AFF38DF839D9FB03949E49,
			);
			runOnlyForDeploymentPostprocessing = 0;
		};
		5FD9A2E41CAD195A0065BE03 = {
			isa = PBXFrameworksBuildPhase;
			buildActionMask = 2147483647;
			files = (
				19A0B59C9F8E4C1F03DC342E,
			);
			runOnlyForDeploymentPostprocessing = 0;
		};
/* End PBXFrameworksBuildPhase section */

/* Begin PBXGroup section */
		2372D08863DFC7F6361C6E00 = {
			isa = PBXGroup;
			children = (
				D94649D31AA267EE4C1C8238,
				5F78DDA7280E489095201876,
				2F2BE46D2D4FBC130BE3C6D2,
				0EF8BC57A788D0E0DF6C08B3,
				7D567B480DEA11A9F7C5D1AF,
				734360EB957809BE75B83988,
			);
			name = Pods;
			sourceTree = "<group>";
		};
		5F4515A31CC2F112004C4004 = {
			isa = PBXGroup;
			children = (
				5F4515A41CC2F112004C4004,
				5F4515A51CC2F112004C4004,
				5F4515A61CC2F112004C4004,
			);
			path = TCBlobDownloadSwift;
			sourceTree = "<group>";
		};
		5F57DE081CC3DCCF00D5F1B8 = {
			isa = PBXGroup;
			children = (
				5F57DE091CC3DCCF00D5F1B8,
				5F57DE0A1CC3DCCF00D5F1B8,
			);
			path = TWRProgessView;
			sourceTree = "<group>";
		};
		5F57DE0C1CC42B7500D5F1B8 = {
			isa = PBXGroup;
			children = (
				5F57DE0F1CC42B7500D5F1B8,
				5F57DE101CC42B7500D5F1B8,
			);
			path = UAProgressView;
			sourceTree = "<group>";
		};
		5FC7A4AB1CAD8CA700530CB0 = {
			isa = PBXGroup;
			children = (
				5FC7A4A91CAD8CA000530CB0,
			);
			name = assets;
			sourceTree = "<group>";
		};
		5FD9A2C21CAD19590065BE03 = {
			isa = PBXGroup;
			children = (
				A0889C3B1CE8F4430050094D,
				A00824031CC94A9B00C9BE8F,
				5F57DE0C1CC42B7500D5F1B8,
				5F57DE081CC3DCCF00D5F1B8,
				5F4515A31CC2F112004C4004,
				A06B6D561CBFCEA800CBE220,
				A06B6D541CBFCCA000CBE220,
				A06B6D521CBFA23900CBE220,
				5FC7A4AB1CAD8CA700530CB0,
				5FD9A2FD1CAD5CFA0065BE03,
				5FD9A2CD1CAD19590065BE03,
				5FD9A2DF1CAD195A0065BE03,
				5FD9A2EA1CAD195A0065BE03,
				5FD9A2CC1CAD19590065BE03,
				2372D08863DFC7F6361C6E00,
				A8CBADC199C577F1E16802A1,
				5FC7A4A51CAD8A8F00530CB0,
				29922D394E25E590CB68BD7B,
			);
			sourceTree = "<group>";
		};
		5FD9A2CC1CAD19590065BE03 = {
			isa = PBXGroup;
			children = (
				5FD9A2CB1CAD19590065BE03,
				5FD9A2DC1CAD195A0065BE03,
				5FD9A2E71CAD195A0065BE03,
			);
			name = Products;
			sourceTree = "<group>";
		};
		5FD9A2CD1CAD19590065BE03 = {
			isa = PBXGroup;
			children = (
				5F4515A91CC2F277004C4004,
				5F9623521CBBF94900F61D9C,
				5FD9A2CE1CAD19590065BE03,
				5FD9A2D01CAD19590065BE03,
				5FD9A2D21CAD19590065BE03,
				5FD9A2D51CAD19590065BE03,
				5FD9A2D71CAD19590065BE03,
				5FB6D3851CAEF8B100D7AA80,
				5F9623501CBBF80400F61D9C,
			);
			path = slides;
			sourceTree = "<group>";
		};
		5FD9A2DF1CAD195A0065BE03 = {
			isa = PBXGroup;
			children = (
				5FD9A2E01CAD195A0065BE03,
				5FD9A2E21CAD195A0065BE03,
			);
			path = slidesTests;
			sourceTree = "<group>";
		};
		5FD9A2EA1CAD195A0065BE03 = {
			isa = PBXGroup;
			children = (
				5FD9A2EB1CAD195A0065BE03,
				5FD9A2ED1CAD195A0065BE03,
			);
			path = slidesUITests;
			sourceTree = "<group>";
		};
		A00824031CC94A9B00C9BE8F = {
			isa = PBXGroup;
			children = (
				A0C8B3E61CCCC8CF007352B6,
			);
			path = ARLabel;
			sourceTree = "<group>";
		};
		A8CBADC199C577F1E16802A1 = {
			isa = PBXGroup;
			children = (
				5FD9A2F91CAD596F0065BE03,
				64436EEDA1BACA346304F88F,
				ED3F2FC52E815F2F5BE85EF4,
				FF57176650C748DF95AEACB5,
				72AC764941F42073BE773121,
			);
			name = Frameworks;
			sourceTree = "<group>";
		};
/* End PBXGroup section */

/* Begin PBXNativeTarget section */
		5FD9A2CA1CAD19590065BE03 = {
			isa = PBXNativeTarget;
			buildConfigurationList = 5FD9A2F01CAD195A0065BE03;
			buildPhases = (
				CBAD16DE1CA874FDBCC5FA8B,
				A0889C3D1CE8F4AA0050094D,
				5FD9A2C71CAD19590065BE03,
				5FD9A2C81CAD19590065BE03,
				5FD9A2C91CAD19590065BE03,
				723D750C31DD514AACF844AB,
				2018914BAD0BC4E0908E77DF,
			);
			buildRules = (
			);
			dependencies = (
			);
			name = slides;
			productName = slides;
			productReference = 5FD9A2CB1CAD19590065BE03;
			productType = "com.apple.product-type.application";
		};
		5FD9A2DB1CAD19590065BE03 = {
			isa = PBXNativeTarget;
			buildConfigurationList = 5FD9A2F31CAD195A0065BE03;
			buildPhases = (
				A3A21E77231A57490AD39D33,
				5FD9A2D81CAD19590065BE03,
				5FD9A2D91CAD19590065BE03,
				5FD9A2DA1CAD19590065BE03,
				3148E63714DBF4024B4E6087,
				C4D3BBF122EEB7BAEE8BD853,
			);
			buildRules = (
			);
			dependencies = (
				5FD9A2DE1CAD195A0065BE03,
			);
			name = slidesTests;
			productName = slidesTests;
			productReference = 5FD9A2DC1CAD195A0065BE03;
			productType = "com.apple.product-type.bundle.unit-test";
		};
		5FD9A2E61CAD195A0065BE03 = {
			isa = PBXNativeTarget;
			buildConfigurationList = 5FD9A2F61CAD195A0065BE03;
			buildPhases = (
				3E5A4C6E6E8A81279F6A6D0E,
				5FD9A2E31CAD195A0065BE03,
				5FD9A2E41CAD195A0065BE03,
				5FD9A2E51CAD195A0065BE03,
				99D11099C137EE1A45531E23,
			);
			buildRules = (
			);
			dependencies = (
				5FD9A2E91CAD195A0065BE03,
			);
			name = slidesUITests;
			productName = slidesUITests;
			productReference = 5FD9A2E71CAD195A0065BE03;
			productType = "com.apple.product-type.bundle.ui-testing";
		};
/* End PBXNativeTarget section */

/* Begin PBXProject section */
		5FD9A2C31CAD19590065BE03 = {
			isa = PBXProject;
			attributes = {
				LastSwiftUpdateCheck = 0730;
				LastUpgradeCheck = 0730;
				ORGANIZATIONNAME = soulsoftware;
				TargetAttributes = {
					5FD9A2CA1CAD19590065BE03 = {
						CreatedOnToolsVersion = 7.3;
						DevelopmentTeam = 48J595L9BX;
					};
					5FD9A2DB1CAD19590065BE03 = {
						CreatedOnToolsVersion = 7.3;
						TestTargetID = 5FD9A2CA1CAD19590065BE03;
					};
					5FD9A2E61CAD195A0065BE03 = {
						CreatedOnToolsVersion = 7.3;
						TestTargetID = 5FD9A2CA1CAD19590065BE03;
					};
				};
			};
			buildConfigurationList = 5FD9A2C61CAD19590065BE03;
			compatibilityVersion = "Xcode 3.2";
			developmentRegion = English;
			hasScannedForEncodings = 0;
			knownRegions = (
				en,
				Base,
			);
			mainGroup = 5FD9A2C21CAD19590065BE03;
			productRefGroup = 5FD9A2CC1CAD19590065BE03;
			projectDirPath = "";
			projectReferences = (
			);
			projectRoot = "";
			targets = (
				5FD9A2CA1CAD19590065BE03,
				5FD9A2DB1CAD19590065BE03,
				5FD9A2E61CAD195A0065BE03,
			);
		};
/* End PBXProject section */

/* Begin PBXResourcesBuildPhase section */
		5FD9A2C91CAD19590065BE03 = {
			isa = PBXResourcesBuildPhase;
			buildActionMask = 2147483647;
			files = (
				5FC7A4AA1CAD8CA000530CB0,
				5FD9A2D61CAD19590065BE03,
				5F4515AA1CC2F277004C4004,
				A06B6D531CBFA23900CBE220,
				A0889C3C1CE8F4430050094D,
				5FD9A2D41CAD19590065BE03,
			);
			runOnlyForDeploymentPostprocessing = 0;
		};
		5FD9A2DA1CAD19590065BE03 = {
			isa = PBXResourcesBuildPhase;
			buildActionMask = 2147483647;
			files = (
				5FC7A4AD1CAD8D0700530CB0,
			);
			runOnlyForDeploymentPostprocessing = 0;
		};
		5FD9A2E51CAD195A0065BE03 = {
			isa = PBXResourcesBuildPhase;
			buildActionMask = 2147483647;
			files = (
			);
			runOnlyForDeploymentPostprocessing = 0;
		};
/* End PBXResourcesBuildPhase section */

/* Begin PBXShellScriptBuildPhase section */
		2018914BAD0BC4E0908E77DF = {
			isa = PBXShellScriptBuildPhase;
			buildActionMask = 2147483647;
			files = (
			);
			inputPaths = (
			);
			name = "Copy Pods Resources";
			outputPaths = (
			);
			runOnlyForDeploymentPostprocessing = 0;
			shellPath = /bin/sh;
			shellScript = "\"${SRCROOT}/Pods/Target Support Files/Pods-slides/Pods-slides-resources.sh\"\n";
			showEnvVarsInLog = 0;
		};
		3148E63714DBF4024B4E6087 = {
			isa = PBXShellScriptBuildPhase;
			buildActionMask = 2147483647;
			files = (
			);
			inputPaths = (
			);
			name = "Embed Pods Frameworks";
			outputPaths = (
			);
			runOnlyForDeploymentPostprocessing = 0;
			shellPath = /bin/sh;
			shellScript = "\"${SRCROOT}/Pods/Target Support Files/Pods-slidesTests/Pods-slidesTests-frameworks.sh\"\n";
			showEnvVarsInLog = 0;
		};
		3E5A4C6E6E8A81279F6A6D0E = {
			isa = PBXShellScriptBuildPhase;
			buildActionMask = 2147483647;
			files = (
			);
			inputPaths = (
			);
			name = "Check Pods Manifest.lock";
			outputPaths = (
			);
			runOnlyForDeploymentPostprocessing = 0;
			shellPath = /bin/sh;
			shellScript = "diff \"${PODS_ROOT}/../Podfile.lock\" \"${PODS_ROOT}/Manifest.lock\" > /dev/null\nif [[ $? != 0 ]] ; then\n    cat << EOM\nerror: The sandbox is not in sync with the Podfile.lock. Run 'pod install' or update your CocoaPods installation.\nEOM\n    exit 1\nfi\n";
			showEnvVarsInLog = 0;
		};
		723D750C31DD514AACF844AB = {
			isa = PBXShellScriptBuildPhase;
			buildActionMask = 2147483647;
			files = (
			);
			inputPaths = (
			);
			name = "Embed Pods Frameworks";
			outputPaths = (
			);
			runOnlyForDeploymentPostprocessing = 0;
			shellPath = /bin/sh;
			shellScript = "\"${SRCROOT}/Pods/Target Support Files/Pods-slides/Pods-slides-frameworks.sh\"\n";
			showEnvVarsInLog = 0;
		};
		99D11099C137EE1A45531E23 = {
			isa = PBXShellScriptBuildPhase;
			buildActionMask = 2147483647;
			files = (
			);
			inputPaths = (
			);
			name = "Copy Pods Resources";
			outputPaths = (
			);
			runOnlyForDeploymentPostprocessing = 0;
			shellPath = /bin/sh;
			shellScript = "\"${SRCROOT}/Pods/Target Support Files/Pods-slidesUITests/Pods-slidesUITests-resources.sh\"\n";
			showEnvVarsInLog = 0;
		};
		A0889C3D1CE8F4AA0050094D = {
			isa = PBXShellScriptBuildPhase;
			buildActionMask = 2147483647;
			files = (
			);
			inputPaths = (
				"$(SRCROOT)/slides/Settings.bundle/Root.plist",
			);
			outputPaths = (
				"$(SRCROOT)/slides/Settings.swift",
			);
			runOnlyForDeploymentPostprocessing = 0;
			shellPath = /bin/sh;
			shellScript = "PATH=$(bash -l -c 'echo $PATH')\n$PODS_ROOT/SettingsKit/build -p $PROJECT_FILE_PATH -s $SCRIPT_INPUT_FILE_0 -o $SCRIPT_OUTPUT_FILE_0";
		};
		A3A21E77231A57490AD39D33 = {
			isa = PBXShellScriptBuildPhase;
			buildActionMask = 2147483647;
			files = (
			);
			inputPaths = (
			);
			name = "Check Pods Manifest.lock";
			outputPaths = (
			);
			runOnlyForDeploymentPostprocessing = 0;
			shellPath = /bin/sh;
			shellScript = "diff \"${PODS_ROOT}/../Podfile.lock\" \"${PODS_ROOT}/Manifest.lock\" > /dev/null\nif [[ $? != 0 ]] ; then\n    cat << EOM\nerror: The sandbox is not in sync with the Podfile.lock. Run 'pod install' or update your CocoaPods installation.\nEOM\n    exit 1\nfi\n";
			showEnvVarsInLog = 0;
		};
		C4D3BBF122EEB7BAEE8BD853 = {
			isa = PBXShellScriptBuildPhase;
			buildActionMask = 2147483647;
			files = (
			);
			inputPaths = (
			);
			name = "Copy Pods Resources";
			outputPaths = (
			);
			runOnlyForDeploymentPostprocessing = 0;
			shellPath = /bin/sh;
			shellScript = "\"${SRCROOT}/Pods/Target Support Files/Pods-slidesTests/Pods-slidesTests-resources.sh\"\n";
			showEnvVarsInLog = 0;
		};
		CBAD16DE1CA874FDBCC5FA8B = {
			isa = PBXShellScriptBuildPhase;
			buildActionMask = 2147483647;
			files = (
			);
			inputPaths = (
			);
			name = "Check Pods Manifest.lock";
			outputPaths = (
			);
			runOnlyForDeploymentPostprocessing = 0;
			shellPath = /bin/sh;
			shellScript = "diff \"${PODS_ROOT}/../Podfile.lock\" \"${PODS_ROOT}/Manifest.lock\" > /dev/null\nif [[ $? != 0 ]] ; then\n    cat << EOM\nerror: The sandbox is not in sync with the Podfile.lock. Run 'pod install' or update your CocoaPods installation.\nEOM\n    exit 1\nfi\n";
			showEnvVarsInLog = 0;
		};
/* End PBXShellScriptBuildPhase section */

/* Begin PBXSourcesBuildPhase section */
		5FD9A2C71CAD19590065BE03 = {
			isa = PBXSourcesBuildPhase;
			buildActionMask = 2147483647;
			files = (
				A06B6D571CBFCEA800CBE220,
				5F4515A81CC2F112004C4004,
				A06B6D551CBFCCA000CBE220,
				5F9623531CBBF94900F61D9C,
				A0C8B3E71CCCC8CF007352B6,
				5F9623511CBBF80400F61D9C,
				5F57DE131CC42B7500D5F1B8,
				5FD9A2D11CAD19590065BE03,
				5F4515A71CC2F112004C4004,
				5FD9A2CF1CAD19590065BE03,
				5FB6D3861CAEF8B100D7AA80,
				5F57DE0B1CC3DCCF00D5F1B8,
				C3F8E7A31B2D198534D793D2,
			);
			runOnlyForDeploymentPostprocessing = 0;
		};
		5FD9A2D81CAD19590065BE03 = {
			isa = PBXSourcesBuildPhase;
			buildActionMask = 2147483647;
			files = (
				5F4515AB1CC2F355004C4004,
				5F4515AC1CC2F355004C4004,
				5FD9A2E11CAD195A0065BE03,
			);
			runOnlyForDeploymentPostprocessing = 0;
		};
		5FD9A2E31CAD195A0065BE03 = {
			isa = PBXSourcesBuildPhase;
			buildActionMask = 2147483647;
			files = (
				5FD9A2EC1CAD195A0065BE03,
			);
			runOnlyForDeploymentPostprocessing = 0;
		};
/* End PBXSourcesBuildPhase section */

/* Begin PBXTargetDependency section */
		5FD9A2DE1CAD195A0065BE03 = {
			isa = PBXTargetDependency;
			target = 5FD9A2CA1CAD19590065BE03;
			targetProxy = 5FD9A2DD1CAD195A0065BE03;
		};
		5FD9A2E91CAD195A0065BE03 = {
			isa = PBXTargetDependency;
			target = 5FD9A2CA1CAD19590065BE03;
			targetProxy = 5FD9A2E81CAD195A0065BE03;
		};
/* End PBXTargetDependency section */

/* Begin PBXVariantGroup section */
		5FD9A2D21CAD19590065BE03 = {
			isa = PBXVariantGroup;
			children = (
				5FD9A2D31CAD19590065BE03,
			);
			name = Main.storyboard;
			sourceTree = "<group>";
		};
/* End PBXVariantGroup section */

/* Begin XCBuildConfiguration section */
		5FD9A2EE1CAD195A0065BE03 = {
			isa = XCBuildConfiguration;
			buildSettings = {
				ALWAYS_SEARCH_USER_PATHS = NO;
				CLANG_ANALYZER_NONNULL = YES;
				CLANG_CXX_LANGUAGE_STANDARD = "gnu++0x";
				CLANG_CXX_LIBRARY = "libc++";
				CLANG_ENABLE_MODULES = YES;
				CLANG_ENABLE_OBJC_ARC = YES;
				CLANG_WARN_BOOL_CONVERSION = YES;
				CLANG_WARN_CONSTANT_CONVERSION = YES;
				CLANG_WARN_DIRECT_OBJC_ISA_USAGE = YES_ERROR;
				CLANG_WARN_EMPTY_BODY = YES;
				CLANG_WARN_ENUM_CONVERSION = YES;
				CLANG_WARN_INT_CONVERSION = YES;
				CLANG_WARN_OBJC_ROOT_CLASS = YES_ERROR;
				CLANG_WARN_UNREACHABLE_CODE = YES;
				CLANG_WARN__DUPLICATE_METHOD_MATCH = YES;
				COPY_PHASE_STRIP = NO;
				DEBUG_INFORMATION_FORMAT = dwarf;
				ENABLE_STRICT_OBJC_MSGSEND = YES;
				ENABLE_TESTABILITY = YES;
				GCC_C_LANGUAGE_STANDARD = gnu99;
				GCC_DYNAMIC_NO_PIC = NO;
				GCC_NO_COMMON_BLOCKS = YES;
				GCC_OPTIMIZATION_LEVEL = 0;
				GCC_PREPROCESSOR_DEFINITIONS = (
					"DEBUG=1",
					"$(inherited)",
				);
				GCC_WARN_64_TO_32_BIT_CONVERSION = YES;
				GCC_WARN_ABOUT_RETURN_TYPE = YES_ERROR;
				GCC_WARN_UNDECLARED_SELECTOR = YES;
				GCC_WARN_UNINITIALIZED_AUTOS = YES_AGGRESSIVE;
				GCC_WARN_UNUSED_FUNCTION = YES;
				GCC_WARN_UNUSED_VARIABLE = YES;
				MTL_ENABLE_DEBUG_INFO = YES;
				ONLY_ACTIVE_ARCH = YES;
				SDKROOT = appletvos;
				SWIFT_OPTIMIZATION_LEVEL = "-Onone";
				TARGETED_DEVICE_FAMILY = 3;
				TVOS_DEPLOYMENT_TARGET = 9.2;
			};
			name = Debug;
		};
		5FD9A2EF1CAD195A0065BE03 = {
			isa = XCBuildConfiguration;
			buildSettings = {
				ALWAYS_SEARCH_USER_PATHS = NO;
				CLANG_ANALYZER_NONNULL = YES;
				CLANG_CXX_LANGUAGE_STANDARD = "gnu++0x";
				CLANG_CXX_LIBRARY = "libc++";
				CLANG_ENABLE_MODULES = YES;
				CLANG_ENABLE_OBJC_ARC = YES;
				CLANG_WARN_BOOL_CONVERSION = YES;
				CLANG_WARN_CONSTANT_CONVERSION = YES;
				CLANG_WARN_DIRECT_OBJC_ISA_USAGE = YES_ERROR;
				CLANG_WARN_EMPTY_BODY = YES;
				CLANG_WARN_ENUM_CONVERSION = YES;
				CLANG_WARN_INT_CONVERSION = YES;
				CLANG_WARN_OBJC_ROOT_CLASS = YES_ERROR;
				CLANG_WARN_UNREACHABLE_CODE = YES;
				CLANG_WARN__DUPLICATE_METHOD_MATCH = YES;
				COPY_PHASE_STRIP = NO;
				DEBUG_INFORMATION_FORMAT = "dwarf-with-dsym";
				ENABLE_NS_ASSERTIONS = NO;
				ENABLE_STRICT_OBJC_MSGSEND = YES;
				GCC_C_LANGUAGE_STANDARD = gnu99;
				GCC_NO_COMMON_BLOCKS = YES;
				GCC_WARN_64_TO_32_BIT_CONVERSION = YES;
				GCC_WARN_ABOUT_RETURN_TYPE = YES_ERROR;
				GCC_WARN_UNDECLARED_SELECTOR = YES;
				GCC_WARN_UNINITIALIZED_AUTOS = YES_AGGRESSIVE;
				GCC_WARN_UNUSED_FUNCTION = YES;
				GCC_WARN_UNUSED_VARIABLE = YES;
				MTL_ENABLE_DEBUG_INFO = NO;
				SDKROOT = appletvos;
				TARGETED_DEVICE_FAMILY = 3;
				TVOS_DEPLOYMENT_TARGET = 9.2;
				VALIDATE_PRODUCT = YES;
			};
			name = Release;
		};
		5FD9A2F11CAD195A0065BE03 = {
			isa = XCBuildConfiguration;
			baseConfigurationReference = D94649D31AA267EE4C1C8238;
			buildSettings = {
				ASSETCATALOG_COMPILER_APPICON_NAME = "App Icon & Top Shelf Image";
				ASSETCATALOG_COMPILER_LAUNCHIMAGE_NAME = LaunchImage;
				CLANG_ENABLE_MODULES = YES;
				CODE_SIGN_IDENTITY = "iPhone Developer";
				"CODE_SIGN_IDENTITY[sdk=appletvos*]" = "iPhone Developer";
				INFOPLIST_FILE = "slides/Info-dev.plist";
				LD_RUNPATH_SEARCH_PATHS = "$(inherited) @executable_path/Frameworks";
				PRODUCT_BUNDLE_IDENTIFIER = org.bsc.slides;
				PRODUCT_NAME = "$(TARGET_NAME)";
				PROVISIONING_PROFILE = "";
				SWIFT_OBJC_BRIDGING_HEADER = "slides-Bridging-Header.h";
				SWIFT_OPTIMIZATION_LEVEL = "-Onone";
			};
			name = Debug;
		};
		5FD9A2F21CAD195A0065BE03 = {
			isa = XCBuildConfiguration;
			baseConfigurationReference = 5F78DDA7280E489095201876;
			buildSettings = {
				ASSETCATALOG_COMPILER_APPICON_NAME = "App Icon & Top Shelf Image";
				ASSETCATALOG_COMPILER_LAUNCHIMAGE_NAME = LaunchImage;
				CLANG_ENABLE_MODULES = YES;
				CODE_SIGN_IDENTITY = "iPhone Developer";
				"CODE_SIGN_IDENTITY[sdk=appletvos*]" = "iPhone Developer";
				INFOPLIST_FILE = slides/Info.plist;
				LD_RUNPATH_SEARCH_PATHS = "$(inherited) @executable_path/Frameworks";
				PRODUCT_BUNDLE_IDENTIFIER = org.bsc.slides;
				PRODUCT_NAME = "$(TARGET_NAME)";
				PROVISIONING_PROFILE = "";
				SWIFT_OBJC_BRIDGING_HEADER = "slides-Bridging-Header.h";
			};
			name = Release;
		};
		5FD9A2F41CAD195A0065BE03 = {
			isa = XCBuildConfiguration;
			baseConfigurationReference = 2F2BE46D2D4FBC130BE3C6D2;
			buildSettings = {
				BUNDLE_LOADER = "$(TEST_HOST)";
				INFOPLIST_FILE = slidesTests/Info.plist;
				LD_RUNPATH_SEARCH_PATHS = "$(inherited) @executable_path/Frameworks @loader_path/Frameworks";
				PRODUCT_BUNDLE_IDENTIFIER = org.bsc.slidesTests;
				PRODUCT_NAME = "$(TARGET_NAME)";
				TEST_HOST = "$(BUILT_PRODUCTS_DIR)/slides.app/slides";
			};
			name = Debug;
		};
		5FD9A2F51CAD195A0065BE03 = {
			isa = XCBuildConfiguration;
			baseConfigurationReference = 0EF8BC57A788D0E0DF6C08B3;
			buildSettings = {
				BUNDLE_LOADER = "$(TEST_HOST)";
				INFOPLIST_FILE = slidesTests/Info.plist;
				LD_RUNPATH_SEARCH_PATHS = "$(inherited) @executable_path/Frameworks @loader_path/Frameworks";
				PRODUCT_BUNDLE_IDENTIFIER = org.bsc.slidesTests;
				PRODUCT_NAME = "$(TARGET_NAME)";
				TEST_HOST = "$(BUILT_PRODUCTS_DIR)/slides.app/slides";
			};
			name = Release;
		};
		5FD9A2F71CAD195A0065BE03 = {
			isa = XCBuildConfiguration;
			baseConfigurationReference = 7D567B480DEA11A9F7C5D1AF;
			buildSettings = {
				INFOPLIST_FILE = slidesUITests/Info.plist;
				LD_RUNPATH_SEARCH_PATHS = "$(inherited) @executable_path/Frameworks @loader_path/Frameworks";
				PRODUCT_BUNDLE_IDENTIFIER = org.bsc.slidesUITests;
				PRODUCT_NAME = "$(TARGET_NAME)";
				TEST_TARGET_NAME = slides;
			};
			name = Debug;
		};
		5FD9A2F81CAD195A0065BE03 = {
			isa = XCBuildConfiguration;
			baseConfigurationReference = 734360EB957809BE75B83988;
			buildSettings = {
				INFOPLIST_FILE = slidesUITests/Info.plist;
				LD_RUNPATH_SEARCH_PATHS = "$(inherited) @executable_path/Frameworks @loader_path/Frameworks";
				PRODUCT_BUNDLE_IDENTIFIER = org.bsc.slidesUITests;
				PRODUCT_NAME = "$(TARGET_NAME)";
				TEST_TARGET_NAME = slides;
			};
			name = Release;
		};
/* End XCBuildConfiguration section */

/* Begin XCConfigurationList section */
		5FD9A2C61CAD19590065BE03 = {
			isa = XCConfigurationList;
			buildConfigurations = (
				5FD9A2EE1CAD195A0065BE03,
				5FD9A2EF1CAD195A0065BE03,
			);
			defaultConfigurationIsVisible = 0;
			defaultConfigurationName = Release;
		};
		5FD9A2F01CAD195A0065BE03 = {
			isa = XCConfigurationList;
			buildConfigurations = (
				5FD9A2F11CAD195A0065BE03,
				5FD9A2F21CAD195A0065BE03,
			);
			defaultConfigurationIsVisible = 0;
			defaultConfigurationName = Release;
		};
		5FD9A2F31CAD195A0065BE03 = {
			isa = XCConfigurationList;
			buildConfigurations = (
				5FD9A2F41CAD195A0065BE03,
				5FD9A2F51CAD195A0065BE03,
			);
			defaultConfigurationIsVisible = 0;
			defaultConfigurationName = Release;
		};
		5FD9A2F61CAD195A0065BE03 = {
			isa = XCConfigurationList;
			buildConfigurations = (
				5FD9A2F71CAD195A0065BE03,
				5FD9A2F81CAD195A0065BE03,
			);
			defaultConfigurationIsVisible = 0;
			defaultConfigurationName = Release;
		};
/* End XCConfigurationList section */
	};
	rootObject = 5FD9A2C31CAD19590065BE03;
}
