// !$*UTF8*$!
{
	archiveVersion = 1;
	classes = {
	};
	objectVersion = 46;
	objects = {

/* Begin PBXBuildFile section */
		2DDFC85C754739D280BF6508 /* Pods_slidesUITests.framework in Frameworks */ = {isa = PBXBuildFile; fileRef = A5BE309DE648A948642821DE /* Pods_slidesUITests.framework */; };
		2E0C71E7C579376EFEAC0DD1 /* Pods_slidesTests.framework in Frameworks */ = {isa = PBXBuildFile; fileRef = 66582F1A187676F859E95254 /* Pods_slidesTests.framework */; };
		5F06EFC71F17610400B8D23B /* MainMenuViewController.swift in Sources */ = {isa = PBXBuildFile; fileRef = 5F06EFC61F17610400B8D23B /* MainMenuViewController.swift */; };
		5F0C443E1EDB607D00B098A1 /* SearchStoryboardSegue.swift in Sources */ = {isa = PBXBuildFile; fileRef = 5F0C443D1EDB607D00B098A1 /* SearchStoryboardSegue.swift */; };
		5F15D3EA1F03C4C2002F03AC /* FavoriteViewCell.swift in Sources */ = {isa = PBXBuildFile; fileRef = 5F15D3E91F03C4C2002F03AC /* FavoriteViewCell.swift */; };
		5F1DBB1C1F1A8F5F00DF4C87 /* SlideViewerStoryboardSegue.swift in Sources */ = {isa = PBXBuildFile; fileRef = 5F1DBB1B1F1A8F5F00DF4C87 /* SlideViewerStoryboardSegue.swift */; };
		5F35BE3E1ED0941D00B644B1 /* MainViewController.swift in Sources */ = {isa = PBXBuildFile; fileRef = 5F35BE3D1ED0941D00B644B1 /* MainViewController.swift */; };
		5F3BF0021D8688850073EFCB /* SlideViewerController+AutoLayout.swift in Sources */ = {isa = PBXBuildFile; fileRef = 5F3BF0011D8688850073EFCB /* SlideViewerController+AutoLayout.swift */; };
		5F3E17321DB8C9EE00AED17C /* OHPDFDocument.m in Sources */ = {isa = PBXBuildFile; fileRef = 5F3E172A1DB8C9EE00AED17C /* OHPDFDocument.m */; };
		5F3E17331DB8C9EE00AED17C /* OHPDFPage.m in Sources */ = {isa = PBXBuildFile; fileRef = 5F3E172D1DB8C9EE00AED17C /* OHPDFPage.m */; };
		5F3E17341DB8C9EE00AED17C /* OHVectorImage.m in Sources */ = {isa = PBXBuildFile; fileRef = 5F3E172F1DB8C9EE00AED17C /* OHVectorImage.m */; };
		5F3E17351DB8C9EE00AED17C /* UIImage+OHPDF.m in Sources */ = {isa = PBXBuildFile; fileRef = 5F3E17311DB8C9EE00AED17C /* UIImage+OHPDF.m */; };
		5F4515A71CC2F112004C4004 /* TCBlobDownload.swift in Sources */ = {isa = PBXBuildFile; fileRef = 5F4515A41CC2F112004C4004 /* TCBlobDownload.swift */; };
		5F4515A81CC2F112004C4004 /* TCBlobDownloadManager.swift in Sources */ = {isa = PBXBuildFile; fileRef = 5F4515A51CC2F112004C4004 /* TCBlobDownloadManager.swift */; };
		5F4515AB1CC2F355004C4004 /* TCBlobDownload.swift in Sources */ = {isa = PBXBuildFile; fileRef = 5F4515A41CC2F112004C4004 /* TCBlobDownload.swift */; };
		5F4515AC1CC2F355004C4004 /* TCBlobDownloadManager.swift in Sources */ = {isa = PBXBuildFile; fileRef = 5F4515A51CC2F112004C4004 /* TCBlobDownloadManager.swift */; };
		5F4C49901F00FB9700269C50 /* FavoritesCommandView.swift in Sources */ = {isa = PBXBuildFile; fileRef = 5F4C498F1F00FB9700269C50 /* FavoritesCommandView.swift */; };
		5F57DE0B1CC3DCCF00D5F1B8 /* TWRProgressView.m in Sources */ = {isa = PBXBuildFile; fileRef = 5F57DE0A1CC3DCCF00D5F1B8 /* TWRProgressView.m */; };
		5F57DE131CC42B7500D5F1B8 /* UAProgressView.m in Sources */ = {isa = PBXBuildFile; fileRef = 5F57DE101CC42B7500D5F1B8 /* UAProgressView.m */; };
		5F5AC0481EF088C200E2A561 /* FavoritesViewController.swift in Sources */ = {isa = PBXBuildFile; fileRef = 5F5AC0471EF088C200E2A561 /* FavoritesViewController.swift */; };
		5F8A17131EF0365E0005B086 /* Favorites.swift in Sources */ = {isa = PBXBuildFile; fileRef = 5F8A17121EF0365E0005B086 /* Favorites.swift */; };
		5F90B6091D9AC6DC00615BA4 /* ThumbnailsView.swift in Sources */ = {isa = PBXBuildFile; fileRef = 5F90B6081D9AC6DC00615BA4 /* ThumbnailsView.swift */; };
		5F9623511CBBF80400F61D9C /* SearchSlidesViewController.swift in Sources */ = {isa = PBXBuildFile; fileRef = 5F9623501CBBF80400F61D9C /* SearchSlidesViewController.swift */; };
		5F9623531CBBF94900F61D9C /* Slidehare.swift in Sources */ = {isa = PBXBuildFile; fileRef = 5F9623521CBBF94900F61D9C /* Slidehare.swift */; };
		5FB37BF51D7352140081D8C4 /* DetailView.xib in Resources */ = {isa = PBXBuildFile; fileRef = 5FB37BF41D7352140081D8C4 /* DetailView.xib */; };
		5FB609EC1DA03CB000051347 /* SlideViewerController+Fullpage.swift in Sources */ = {isa = PBXBuildFile; fileRef = 5FB609EB1DA03CB000051347 /* SlideViewerController+Fullpage.swift */; };
		5FB6540A1D82E7E600E6E2F2 /* SettingsBarView.swift in Sources */ = {isa = PBXBuildFile; fileRef = 5FB654091D82E7E600E6E2F2 /* SettingsBarView.swift */; };
		5FB6D3861CAEF8B100D7AA80 /* SlideViewerController.swift in Sources */ = {isa = PBXBuildFile; fileRef = 5FB6D3851CAEF8B100D7AA80 /* SlideViewerController.swift */; };
		5FC7A4AD1CAD8D0700530CB0 /* rx1.pdf in Resources */ = {isa = PBXBuildFile; fileRef = 5FC7A4A91CAD8CA000530CB0 /* rx1.pdf */; };
		5FCCC36E1F0BF205002ADBEC /* Slideshare+Download.swift in Sources */ = {isa = PBXBuildFile; fileRef = 5FCCC36D1F0BF205002ADBEC /* Slideshare+Download.swift */; };
		5FD9A2CF1CAD19590065BE03 /* AppDelegate.swift in Sources */ = {isa = PBXBuildFile; fileRef = 5FD9A2CE1CAD19590065BE03 /* AppDelegate.swift */; };
		5FD9A2D11CAD19590065BE03 /* ViewController.swift in Sources */ = {isa = PBXBuildFile; fileRef = 5FD9A2D01CAD19590065BE03 /* ViewController.swift */; };
		5FD9A2D41CAD19590065BE03 /* Main.storyboard in Resources */ = {isa = PBXBuildFile; fileRef = 5FD9A2D21CAD19590065BE03 /* Main.storyboard */; };
		5FD9A2D61CAD19590065BE03 /* Assets.xcassets in Resources */ = {isa = PBXBuildFile; fileRef = 5FD9A2D51CAD19590065BE03 /* Assets.xcassets */; };
		5FD9A2E11CAD195A0065BE03 /* slidesTests.swift in Sources */ = {isa = PBXBuildFile; fileRef = 5FD9A2E01CAD195A0065BE03 /* slidesTests.swift */; };
		5FD9A2EC1CAD195A0065BE03 /* slidesUITests.swift in Sources */ = {isa = PBXBuildFile; fileRef = 5FD9A2EB1CAD195A0065BE03 /* slidesUITests.swift */; };
		5FF0DE0D1D99B033001CEC34 /* PageView.swift in Sources */ = {isa = PBXBuildFile; fileRef = 5FF0DE0C1D99B033001CEC34 /* PageView.swift */; };
		5FF934301F1CAD3500639D34 /* ManualLayout.framework in Frameworks */ = {isa = PBXBuildFile; fileRef = 5FF934281F1CAD3500639D34 /* ManualLayout.framework */; };
		5FF934311F1CAD3500639D34 /* Pods_slides.framework in Frameworks */ = {isa = PBXBuildFile; fileRef = 5FF934291F1CAD3500639D34 /* Pods_slides.framework */; };
		5FF934321F1CAD3500639D34 /* RxCocoa.framework in Frameworks */ = {isa = PBXBuildFile; fileRef = 5FF9342A1F1CAD3500639D34 /* RxCocoa.framework */; };
		5FF934331F1CAD3500639D34 /* RxSwift.framework in Frameworks */ = {isa = PBXBuildFile; fileRef = 5FF9342B1F1CAD3500639D34 /* RxSwift.framework */; };
		5FF934341F1CAD3500639D34 /* RxSwiftExt.framework in Frameworks */ = {isa = PBXBuildFile; fileRef = 5FF9342C1F1CAD3500639D34 /* RxSwiftExt.framework */; };
		5FF934351F1CAD3500639D34 /* SettingsKit.framework in Frameworks */ = {isa = PBXBuildFile; fileRef = 5FF9342D1F1CAD3500639D34 /* SettingsKit.framework */; };
		5FF934361F1CAD3500639D34 /* SnapKit.framework in Frameworks */ = {isa = PBXBuildFile; fileRef = 5FF9342E1F1CAD3500639D34 /* SnapKit.framework */; };
		5FF934371F1CAD3500639D34 /* TVOSToast.framework in Frameworks */ = {isa = PBXBuildFile; fileRef = 5FF9342F1F1CAD3500639D34 /* TVOSToast.framework */; };
		6A10E4F499B056D28E50547B /* Pods_slides.framework in Frameworks */ = {isa = PBXBuildFile; fileRef = EEA2C00A2E0E59EA8DFD7DB1 /* Pods_slides.framework */; };
		A06B6D531CBFA23900CBE220 /* slideshare.plist in Resources */ = {isa = PBXBuildFile; fileRef = A06B6D521CBFA23900CBE220 /* slideshare.plist */; };
		A0889C3C1CE8F4430050094D /* Settings.bundle in Resources */ = {isa = PBXBuildFile; fileRef = A0889C3B1CE8F4430050094D /* Settings.bundle */; };
		A0C8B3E71CCCC8CF007352B6 /* ARLabel.swift in Sources */ = {isa = PBXBuildFile; fileRef = A0C8B3E61CCCC8CF007352B6 /* ARLabel.swift */; };
		C3F8E7A31B2D198534D793D2 /* Settings.swift in Sources */ = {isa = PBXBuildFile; fileRef = 29922D394E25E590CB68BD7B /* Settings.swift */; };
/* End PBXBuildFile section */

/* Begin PBXContainerItemProxy section */
		5FD9A2DD1CAD195A0065BE03 /* PBXContainerItemProxy */ = {
			isa = PBXContainerItemProxy;
			containerPortal = 5FD9A2C31CAD19590065BE03 /* Project object */;
			proxyType = 1;
			remoteGlobalIDString = 5FD9A2CA1CAD19590065BE03;
			remoteInfo = slides;
		};
		5FD9A2E81CAD195A0065BE03 /* PBXContainerItemProxy */ = {
			isa = PBXContainerItemProxy;
			containerPortal = 5FD9A2C31CAD19590065BE03 /* Project object */;
			proxyType = 1;
			remoteGlobalIDString = 5FD9A2CA1CAD19590065BE03;
			remoteInfo = slides;
		};
/* End PBXContainerItemProxy section */

/* Begin PBXFileReference section */
		06BA7C51FC30362AA6716B11 /* Pods-slidesUITests.debug.xcconfig */ = {isa = PBXFileReference; includeInIndex = 1; lastKnownFileType = text.xcconfig; name = "Pods-slidesUITests.debug.xcconfig"; path = "Pods/Target Support Files/Pods-slidesUITests/Pods-slidesUITests.debug.xcconfig"; sourceTree = "<group>"; };
		29922D394E25E590CB68BD7B /* Settings.swift */ = {isa = PBXFileReference; includeInIndex = 1; lastKnownFileType = sourcecode.swift; name = Settings.swift; path = slides/Settings.swift; sourceTree = SOURCE_ROOT; };
		3CADED520A0132122567DBAF /* Pods-slidesUITests.release.xcconfig */ = {isa = PBXFileReference; includeInIndex = 1; lastKnownFileType = text.xcconfig; name = "Pods-slidesUITests.release.xcconfig"; path = "Pods/Target Support Files/Pods-slidesUITests/Pods-slidesUITests.release.xcconfig"; sourceTree = "<group>"; };
		4B74BAF74AE103B2AC4E9103 /* Pods-slides.release.xcconfig */ = {isa = PBXFileReference; includeInIndex = 1; lastKnownFileType = text.xcconfig; name = "Pods-slides.release.xcconfig"; path = "Pods/Target Support Files/Pods-slides/Pods-slides.release.xcconfig"; sourceTree = "<group>"; };
		5F06EFC61F17610400B8D23B /* MainMenuViewController.swift */ = {isa = PBXFileReference; fileEncoding = 4; lastKnownFileType = sourcecode.swift; path = MainMenuViewController.swift; sourceTree = "<group>"; };
		5F0C443D1EDB607D00B098A1 /* SearchStoryboardSegue.swift */ = {isa = PBXFileReference; fileEncoding = 4; lastKnownFileType = sourcecode.swift; path = SearchStoryboardSegue.swift; sourceTree = "<group>"; };
		5F15D3E91F03C4C2002F03AC /* FavoriteViewCell.swift */ = {isa = PBXFileReference; fileEncoding = 4; lastKnownFileType = sourcecode.swift; path = FavoriteViewCell.swift; sourceTree = "<group>"; };
		5F1DBB1B1F1A8F5F00DF4C87 /* SlideViewerStoryboardSegue.swift */ = {isa = PBXFileReference; fileEncoding = 4; lastKnownFileType = sourcecode.swift; path = SlideViewerStoryboardSegue.swift; sourceTree = "<group>"; };
		5F35BE3D1ED0941D00B644B1 /* MainViewController.swift */ = {isa = PBXFileReference; fileEncoding = 4; lastKnownFileType = sourcecode.swift; path = MainViewController.swift; sourceTree = "<group>"; };
		5F3BF0011D8688850073EFCB /* SlideViewerController+AutoLayout.swift */ = {isa = PBXFileReference; fileEncoding = 4; lastKnownFileType = sourcecode.swift; path = "SlideViewerController+AutoLayout.swift"; sourceTree = "<group>"; };
		5F3E17291DB8C9EE00AED17C /* OHPDFDocument.h */ = {isa = PBXFileReference; fileEncoding = 4; lastKnownFileType = sourcecode.c.h; name = OHPDFDocument.h; path = OHPDFImage/OHPDFDocument.h; sourceTree = "<group>"; };
		5F3E172A1DB8C9EE00AED17C /* OHPDFDocument.m */ = {isa = PBXFileReference; fileEncoding = 4; lastKnownFileType = sourcecode.c.objc; name = OHPDFDocument.m; path = OHPDFImage/OHPDFDocument.m; sourceTree = "<group>"; };
		5F3E172B1DB8C9EE00AED17C /* OHPDFImage.h */ = {isa = PBXFileReference; fileEncoding = 4; lastKnownFileType = sourcecode.c.h; name = OHPDFImage.h; path = OHPDFImage/OHPDFImage.h; sourceTree = "<group>"; };
		5F3E172C1DB8C9EE00AED17C /* OHPDFPage.h */ = {isa = PBXFileReference; fileEncoding = 4; lastKnownFileType = sourcecode.c.h; name = OHPDFPage.h; path = OHPDFImage/OHPDFPage.h; sourceTree = "<group>"; };
		5F3E172D1DB8C9EE00AED17C /* OHPDFPage.m */ = {isa = PBXFileReference; fileEncoding = 4; lastKnownFileType = sourcecode.c.objc; name = OHPDFPage.m; path = OHPDFImage/OHPDFPage.m; sourceTree = "<group>"; };
		5F3E172E1DB8C9EE00AED17C /* OHVectorImage.h */ = {isa = PBXFileReference; fileEncoding = 4; lastKnownFileType = sourcecode.c.h; name = OHVectorImage.h; path = OHPDFImage/OHVectorImage.h; sourceTree = "<group>"; };
		5F3E172F1DB8C9EE00AED17C /* OHVectorImage.m */ = {isa = PBXFileReference; fileEncoding = 4; lastKnownFileType = sourcecode.c.objc; name = OHVectorImage.m; path = OHPDFImage/OHVectorImage.m; sourceTree = "<group>"; };
		5F3E17301DB8C9EE00AED17C /* UIImage+OHPDF.h */ = {isa = PBXFileReference; fileEncoding = 4; lastKnownFileType = sourcecode.c.h; name = "UIImage+OHPDF.h"; path = "OHPDFImage/UIImage+OHPDF.h"; sourceTree = "<group>"; };
		5F3E17311DB8C9EE00AED17C /* UIImage+OHPDF.m */ = {isa = PBXFileReference; fileEncoding = 4; lastKnownFileType = sourcecode.c.objc; name = "UIImage+OHPDF.m"; path = "OHPDFImage/UIImage+OHPDF.m"; sourceTree = "<group>"; };
		5F4515A41CC2F112004C4004 /* TCBlobDownload.swift */ = {isa = PBXFileReference; fileEncoding = 4; lastKnownFileType = sourcecode.swift; path = TCBlobDownload.swift; sourceTree = "<group>"; };
		5F4515A51CC2F112004C4004 /* TCBlobDownloadManager.swift */ = {isa = PBXFileReference; fileEncoding = 4; lastKnownFileType = sourcecode.swift; path = TCBlobDownloadManager.swift; sourceTree = "<group>"; };
		5F4515A61CC2F112004C4004 /* TCBlobDownloadSwift.h */ = {isa = PBXFileReference; fileEncoding = 4; lastKnownFileType = sourcecode.c.h; path = TCBlobDownloadSwift.h; sourceTree = "<group>"; };
		5F4515A91CC2F277004C4004 /* Info-dev.plist */ = {isa = PBXFileReference; fileEncoding = 4; lastKnownFileType = text.plist.xml; path = "Info-dev.plist"; sourceTree = "<group>"; };
		5F4C498F1F00FB9700269C50 /* FavoritesCommandView.swift */ = {isa = PBXFileReference; fileEncoding = 4; lastKnownFileType = sourcecode.swift; path = FavoritesCommandView.swift; sourceTree = "<group>"; };
		5F57DE091CC3DCCF00D5F1B8 /* TWRProgressView.h */ = {isa = PBXFileReference; fileEncoding = 4; lastKnownFileType = sourcecode.c.h; path = TWRProgressView.h; sourceTree = "<group>"; };
		5F57DE0A1CC3DCCF00D5F1B8 /* TWRProgressView.m */ = {isa = PBXFileReference; fileEncoding = 4; lastKnownFileType = sourcecode.c.objc; path = TWRProgressView.m; sourceTree = "<group>"; };
		5F57DE0F1CC42B7500D5F1B8 /* UAProgressView.h */ = {isa = PBXFileReference; fileEncoding = 4; lastKnownFileType = sourcecode.c.h; path = UAProgressView.h; sourceTree = "<group>"; };
		5F57DE101CC42B7500D5F1B8 /* UAProgressView.m */ = {isa = PBXFileReference; fileEncoding = 4; lastKnownFileType = sourcecode.c.objc; path = UAProgressView.m; sourceTree = "<group>"; };
		5F5AC0471EF088C200E2A561 /* FavoritesViewController.swift */ = {isa = PBXFileReference; fileEncoding = 4; lastKnownFileType = sourcecode.swift; path = FavoritesViewController.swift; sourceTree = "<group>"; };
		5F8A17121EF0365E0005B086 /* Favorites.swift */ = {isa = PBXFileReference; fileEncoding = 4; lastKnownFileType = sourcecode.swift; path = Favorites.swift; sourceTree = "<group>"; };
		5F90B6081D9AC6DC00615BA4 /* ThumbnailsView.swift */ = {isa = PBXFileReference; fileEncoding = 4; lastKnownFileType = sourcecode.swift; path = ThumbnailsView.swift; sourceTree = "<group>"; };
		5F9623501CBBF80400F61D9C /* SearchSlidesViewController.swift */ = {isa = PBXFileReference; fileEncoding = 4; lastKnownFileType = sourcecode.swift; path = SearchSlidesViewController.swift; sourceTree = "<group>"; };
		5F9623521CBBF94900F61D9C /* Slidehare.swift */ = {isa = PBXFileReference; fileEncoding = 4; lastKnownFileType = sourcecode.swift; path = Slidehare.swift; sourceTree = "<group>"; };
		5FAE605A1DB6C7480019C794 /* slides.entitlements */ = {isa = PBXFileReference; lastKnownFileType = text.plist.entitlements; path = slides.entitlements; sourceTree = "<group>"; };
		5FB37BF41D7352140081D8C4 /* DetailView.xib */ = {isa = PBXFileReference; fileEncoding = 4; lastKnownFileType = file.xib; path = DetailView.xib; sourceTree = "<group>"; };
		5FB609EB1DA03CB000051347 /* SlideViewerController+Fullpage.swift */ = {isa = PBXFileReference; fileEncoding = 4; lastKnownFileType = sourcecode.swift; path = "SlideViewerController+Fullpage.swift"; sourceTree = "<group>"; };
		5FB654091D82E7E600E6E2F2 /* SettingsBarView.swift */ = {isa = PBXFileReference; fileEncoding = 4; lastKnownFileType = sourcecode.swift; path = SettingsBarView.swift; sourceTree = "<group>"; };
		5FB6D3851CAEF8B100D7AA80 /* SlideViewerController.swift */ = {isa = PBXFileReference; fileEncoding = 4; lastKnownFileType = sourcecode.swift; path = SlideViewerController.swift; sourceTree = "<group>"; };
		5FC7A4A51CAD8A8F00530CB0 /* slides-Bridging-Header.h */ = {isa = PBXFileReference; lastKnownFileType = sourcecode.c.h; path = "slides-Bridging-Header.h"; sourceTree = "<group>"; };
		5FC7A4A91CAD8CA000530CB0 /* rx1.pdf */ = {isa = PBXFileReference; lastKnownFileType = image.pdf; name = rx1.pdf; path = assets/rx1.pdf; sourceTree = "<group>"; };
		5FCB2B2D1D7392CC007B8DA5 /* MyPlayground.playground */ = {isa = PBXFileReference; lastKnownFileType = file.playground; path = MyPlayground.playground; sourceTree = "<group>"; };
		5FCCC36D1F0BF205002ADBEC /* Slideshare+Download.swift */ = {isa = PBXFileReference; fileEncoding = 4; lastKnownFileType = sourcecode.swift; path = "Slideshare+Download.swift"; sourceTree = "<group>"; };
		5FD9A2CB1CAD19590065BE03 /* slides.app */ = {isa = PBXFileReference; explicitFileType = wrapper.application; includeInIndex = 0; path = slides.app; sourceTree = BUILT_PRODUCTS_DIR; };
		5FD9A2CE1CAD19590065BE03 /* AppDelegate.swift */ = {isa = PBXFileReference; lastKnownFileType = sourcecode.swift; path = AppDelegate.swift; sourceTree = "<group>"; };
		5FD9A2D01CAD19590065BE03 /* ViewController.swift */ = {isa = PBXFileReference; lastKnownFileType = sourcecode.swift; path = ViewController.swift; sourceTree = "<group>"; };
		5FD9A2D31CAD19590065BE03 /* Base */ = {isa = PBXFileReference; lastKnownFileType = file.storyboard; name = Base; path = Base.lproj/Main.storyboard; sourceTree = "<group>"; };
		5FD9A2D51CAD19590065BE03 /* Assets.xcassets */ = {isa = PBXFileReference; lastKnownFileType = folder.assetcatalog; path = Assets.xcassets; sourceTree = "<group>"; };
		5FD9A2D71CAD19590065BE03 /* Info.plist */ = {isa = PBXFileReference; lastKnownFileType = text.plist.xml; path = Info.plist; sourceTree = "<group>"; };
		5FD9A2DC1CAD195A0065BE03 /* slidesTests.xctest */ = {isa = PBXFileReference; explicitFileType = wrapper.cfbundle; includeInIndex = 0; path = slidesTests.xctest; sourceTree = BUILT_PRODUCTS_DIR; };
		5FD9A2E01CAD195A0065BE03 /* slidesTests.swift */ = {isa = PBXFileReference; lastKnownFileType = sourcecode.swift; path = slidesTests.swift; sourceTree = "<group>"; };
		5FD9A2E21CAD195A0065BE03 /* Info.plist */ = {isa = PBXFileReference; lastKnownFileType = text.plist.xml; path = Info.plist; sourceTree = "<group>"; };
		5FD9A2E71CAD195A0065BE03 /* slidesUITests.xctest */ = {isa = PBXFileReference; explicitFileType = wrapper.cfbundle; includeInIndex = 0; path = slidesUITests.xctest; sourceTree = BUILT_PRODUCTS_DIR; };
		5FD9A2EB1CAD195A0065BE03 /* slidesUITests.swift */ = {isa = PBXFileReference; lastKnownFileType = sourcecode.swift; path = slidesUITests.swift; sourceTree = "<group>"; };
		5FD9A2ED1CAD195A0065BE03 /* Info.plist */ = {isa = PBXFileReference; lastKnownFileType = text.plist.xml; path = Info.plist; sourceTree = "<group>"; };
		5FD9A2FD1CAD5CFA0065BE03 /* Podfile */ = {isa = PBXFileReference; fileEncoding = 4; lastKnownFileType = text; path = Podfile; sourceTree = "<group>"; xcLanguageSpecificationIdentifier = xcode.lang.ruby; };
		5FF0DE0C1D99B033001CEC34 /* PageView.swift */ = {isa = PBXFileReference; fileEncoding = 4; lastKnownFileType = sourcecode.swift; path = PageView.swift; sourceTree = "<group>"; };
		5FF934281F1CAD3500639D34 /* ManualLayout.framework */ = {isa = PBXFileReference; lastKnownFileType = wrapper.framework; name = ManualLayout.framework; path = "Build/Products/Debug-appletvsimulator/ManualLayout/ManualLayout.framework"; sourceTree = "<group>"; };
		5FF934291F1CAD3500639D34 /* Pods_slides.framework */ = {isa = PBXFileReference; lastKnownFileType = wrapper.framework; name = Pods_slides.framework; path = "Pods/../build/Debug-appletvos/Pods_slides.framework"; sourceTree = "<group>"; };
		5FF9342A1F1CAD3500639D34 /* RxCocoa.framework */ = {isa = PBXFileReference; lastKnownFileType = wrapper.framework; name = RxCocoa.framework; path = "Pods/../build/Debug-appletvos/RxCocoa/RxCocoa.framework"; sourceTree = "<group>"; };
		5FF9342B1F1CAD3500639D34 /* RxSwift.framework */ = {isa = PBXFileReference; lastKnownFileType = wrapper.framework; name = RxSwift.framework; path = "Build/Products/Debug-appletvsimulator/RxSwift/RxSwift.framework"; sourceTree = "<group>"; };
		5FF9342C1F1CAD3500639D34 /* RxSwiftExt.framework */ = {isa = PBXFileReference; lastKnownFileType = wrapper.framework; name = RxSwiftExt.framework; path = "Pods/../build/Debug-appletvos/RxSwiftExt/RxSwiftExt.framework"; sourceTree = "<group>"; };
		5FF9342D1F1CAD3500639D34 /* SettingsKit.framework */ = {isa = PBXFileReference; lastKnownFileType = wrapper.framework; name = SettingsKit.framework; path = "Build/Products/Debug-appletvsimulator/SettingsKit/SettingsKit.framework"; sourceTree = "<group>"; };
		5FF9342E1F1CAD3500639D34 /* SnapKit.framework */ = {isa = PBXFileReference; lastKnownFileType = wrapper.framework; name = SnapKit.framework; path = "Build/Products/Debug-appletvsimulator/SnapKit/SnapKit.framework"; sourceTree = "<group>"; };
		5FF9342F1F1CAD3500639D34 /* TVOSToast.framework */ = {isa = PBXFileReference; lastKnownFileType = wrapper.framework; name = TVOSToast.framework; path = "Pods/../build/Debug-appletvos/TVOSToast/TVOSToast.framework"; sourceTree = "<group>"; };
		62406CDC06BDBFE1B2A3BC7F /* Pods-slidesTests.release.xcconfig */ = {isa = PBXFileReference; includeInIndex = 1; lastKnownFileType = text.xcconfig; name = "Pods-slidesTests.release.xcconfig"; path = "Pods/Target Support Files/Pods-slidesTests/Pods-slidesTests.release.xcconfig"; sourceTree = "<group>"; };
		66582F1A187676F859E95254 /* Pods_slidesTests.framework */ = {isa = PBXFileReference; explicitFileType = wrapper.framework; includeInIndex = 0; path = Pods_slidesTests.framework; sourceTree = BUILT_PRODUCTS_DIR; };
		A06B6D521CBFA23900CBE220 /* slideshare.plist */ = {isa = PBXFileReference; fileEncoding = 4; lastKnownFileType = text.plist.xml; name = slideshare.plist; path = slides/slideshare.plist; sourceTree = "<group>"; };
		A06B6D541CBFCCA000CBE220 /* README.md */ = {isa = PBXFileReference; fileEncoding = 4; lastKnownFileType = net.daringfireball.markdown; path = README.md; sourceTree = "<group>"; };
		A06B6D561CBFCEA800CBE220 /* SLIDESHARE.md */ = {isa = PBXFileReference; fileEncoding = 4; lastKnownFileType = net.daringfireball.markdown; path = SLIDESHARE.md; sourceTree = "<group>"; };
		A0889C3B1CE8F4430050094D /* Settings.bundle */ = {isa = PBXFileReference; lastKnownFileType = "wrapper.plug-in"; name = Settings.bundle; path = slides/Settings.bundle; sourceTree = "<group>"; };
		A0C8B3E61CCCC8CF007352B6 /* ARLabel.swift */ = {isa = PBXFileReference; fileEncoding = 4; lastKnownFileType = sourcecode.swift; path = ARLabel.swift; sourceTree = "<group>"; };
		A5BE309DE648A948642821DE /* Pods_slidesUITests.framework */ = {isa = PBXFileReference; explicitFileType = wrapper.framework; includeInIndex = 0; path = Pods_slidesUITests.framework; sourceTree = BUILT_PRODUCTS_DIR; };
		C555331529587B8A9D9CCD2B /* Pods-slides.debug.xcconfig */ = {isa = PBXFileReference; includeInIndex = 1; lastKnownFileType = text.xcconfig; name = "Pods-slides.debug.xcconfig"; path = "Pods/Target Support Files/Pods-slides/Pods-slides.debug.xcconfig"; sourceTree = "<group>"; };
		CD0C312159396BDFEFD44CE4 /* Pods-slidesTests.debug.xcconfig */ = {isa = PBXFileReference; includeInIndex = 1; lastKnownFileType = text.xcconfig; name = "Pods-slidesTests.debug.xcconfig"; path = "Pods/Target Support Files/Pods-slidesTests/Pods-slidesTests.debug.xcconfig"; sourceTree = "<group>"; };
		EEA2C00A2E0E59EA8DFD7DB1 /* Pods_slides.framework */ = {isa = PBXFileReference; explicitFileType = wrapper.framework; includeInIndex = 0; path = Pods_slides.framework; sourceTree = BUILT_PRODUCTS_DIR; };
/* End PBXFileReference section */

/* Begin PBXFrameworksBuildPhase section */
		5FD9A2C81CAD19590065BE03 /* Frameworks */ = {
			isa = PBXFrameworksBuildPhase;
			buildActionMask = 2147483647;
			files = (
				5FF934301F1CAD3500639D34 /* ManualLayout.framework in Frameworks */,
				5FF934311F1CAD3500639D34 /* Pods_slides.framework in Frameworks */,
				5FF934321F1CAD3500639D34 /* RxCocoa.framework in Frameworks */,
				5FF934331F1CAD3500639D34 /* RxSwift.framework in Frameworks */,
				5FF934341F1CAD3500639D34 /* RxSwiftExt.framework in Frameworks */,
				5FF934351F1CAD3500639D34 /* SettingsKit.framework in Frameworks */,
				5FF934361F1CAD3500639D34 /* SnapKit.framework in Frameworks */,
				5FF934371F1CAD3500639D34 /* TVOSToast.framework in Frameworks */,
				6A10E4F499B056D28E50547B /* Pods_slides.framework in Frameworks */,
			);
			runOnlyForDeploymentPostprocessing = 0;
		};
		5FD9A2D91CAD19590065BE03 /* Frameworks */ = {
			isa = PBXFrameworksBuildPhase;
			buildActionMask = 2147483647;
			files = (
				2E0C71E7C579376EFEAC0DD1 /* Pods_slidesTests.framework in Frameworks */,
			);
			runOnlyForDeploymentPostprocessing = 0;
		};
		5FD9A2E41CAD195A0065BE03 /* Frameworks */ = {
			isa = PBXFrameworksBuildPhase;
			buildActionMask = 2147483647;
			files = (
				2DDFC85C754739D280BF6508 /* Pods_slidesUITests.framework in Frameworks */,
			);
			runOnlyForDeploymentPostprocessing = 0;
		};
/* End PBXFrameworksBuildPhase section */

/* Begin PBXGroup section */
		0D8B6F416D69A3E2A8579897 /* Pods */ = {
			isa = PBXGroup;
			children = (
				C555331529587B8A9D9CCD2B /* Pods-slides.debug.xcconfig */,
				4B74BAF74AE103B2AC4E9103 /* Pods-slides.release.xcconfig */,
				CD0C312159396BDFEFD44CE4 /* Pods-slidesTests.debug.xcconfig */,
				62406CDC06BDBFE1B2A3BC7F /* Pods-slidesTests.release.xcconfig */,
				06BA7C51FC30362AA6716B11 /* Pods-slidesUITests.debug.xcconfig */,
				3CADED520A0132122567DBAF /* Pods-slidesUITests.release.xcconfig */,
			);
			name = Pods;
			sourceTree = "<group>";
		};
		5F3E17261DB8C9BE00AED17C /* OHPDFImage */ = {
			isa = PBXGroup;
			children = (
				5F3E17291DB8C9EE00AED17C /* OHPDFDocument.h */,
				5F3E172A1DB8C9EE00AED17C /* OHPDFDocument.m */,
				5F3E172B1DB8C9EE00AED17C /* OHPDFImage.h */,
				5F3E172C1DB8C9EE00AED17C /* OHPDFPage.h */,
				5F3E172D1DB8C9EE00AED17C /* OHPDFPage.m */,
				5F3E172E1DB8C9EE00AED17C /* OHVectorImage.h */,
				5F3E172F1DB8C9EE00AED17C /* OHVectorImage.m */,
				5F3E17301DB8C9EE00AED17C /* UIImage+OHPDF.h */,
				5F3E17311DB8C9EE00AED17C /* UIImage+OHPDF.m */,
			);
			name = OHPDFImage;
			sourceTree = "<group>";
		};
		5F4515A31CC2F112004C4004 /* TCBlobDownloadSwift */ = {
			isa = PBXGroup;
			children = (
				5F4515A41CC2F112004C4004 /* TCBlobDownload.swift */,
				5F4515A51CC2F112004C4004 /* TCBlobDownloadManager.swift */,
				5F4515A61CC2F112004C4004 /* TCBlobDownloadSwift.h */,
			);
			path = TCBlobDownloadSwift;
			sourceTree = "<group>";
		};
		5F57DE081CC3DCCF00D5F1B8 /* TWRProgessView */ = {
			isa = PBXGroup;
			children = (
				5F57DE091CC3DCCF00D5F1B8 /* TWRProgressView.h */,
				5F57DE0A1CC3DCCF00D5F1B8 /* TWRProgressView.m */,
			);
			path = TWRProgessView;
			sourceTree = "<group>";
		};
		5F57DE0C1CC42B7500D5F1B8 /* UAProgressView */ = {
			isa = PBXGroup;
			children = (
				5F57DE0F1CC42B7500D5F1B8 /* UAProgressView.h */,
				5F57DE101CC42B7500D5F1B8 /* UAProgressView.m */,
			);
			path = UAProgressView;
			sourceTree = "<group>";
		};
		5FC7A4AB1CAD8CA700530CB0 /* assets */ = {
			isa = PBXGroup;
			children = (
				5FC7A4A91CAD8CA000530CB0 /* rx1.pdf */,
			);
			name = assets;
			sourceTree = "<group>";
		};
		5FD9A2C21CAD19590065BE03 = {
			isa = PBXGroup;
			children = (
				5F3E17261DB8C9BE00AED17C /* OHPDFImage */,
				A00824031CC94A9B00C9BE8F /* ARLabel */,
				5F57DE0C1CC42B7500D5F1B8 /* UAProgressView */,
				5F57DE081CC3DCCF00D5F1B8 /* TWRProgessView */,
				5F4515A31CC2F112004C4004 /* TCBlobDownloadSwift */,
				5FC7A4AB1CAD8CA700530CB0 /* assets */,
				5FD9A2CD1CAD19590065BE03 /* slides */,
				5FD9A2DF1CAD195A0065BE03 /* slidesTests */,
				5FD9A2EA1CAD195A0065BE03 /* slidesUITests */,
				5FD9A2CC1CAD19590065BE03 /* Products */,
				A8CBADC199C577F1E16802A1 /* Frameworks */,
				0D8B6F416D69A3E2A8579897 /* Pods */,
				5FCB2B2D1D7392CC007B8DA5 /* MyPlayground.playground */,
				A0889C3B1CE8F4430050094D /* Settings.bundle */,
				A06B6D561CBFCEA800CBE220 /* SLIDESHARE.md */,
				A06B6D541CBFCCA000CBE220 /* README.md */,
				A06B6D521CBFA23900CBE220 /* slideshare.plist */,
				5FD9A2FD1CAD5CFA0065BE03 /* Podfile */,
				5FC7A4A51CAD8A8F00530CB0 /* slides-Bridging-Header.h */,
				29922D394E25E590CB68BD7B /* Settings.swift */,
			);
			sourceTree = "<group>";
		};
		5FD9A2CC1CAD19590065BE03 /* Products */ = {
			isa = PBXGroup;
			children = (
				5FD9A2CB1CAD19590065BE03 /* slides.app */,
				5FD9A2DC1CAD195A0065BE03 /* slidesTests.xctest */,
				5FD9A2E71CAD195A0065BE03 /* slidesUITests.xctest */,
			);
			name = Products;
			sourceTree = "<group>";
		};
		5FD9A2CD1CAD19590065BE03 /* slides */ = {
			isa = PBXGroup;
			children = (
				5FAE605A1DB6C7480019C794 /* slides.entitlements */,
				5FF0DE0B1D99AF79001CEC34 /* viewer */,
				5F4515A91CC2F277004C4004 /* Info-dev.plist */,
				5F9623521CBBF94900F61D9C /* Slidehare.swift */,
				5FCCC36D1F0BF205002ADBEC /* Slideshare+Download.swift */,
				5FD9A2CE1CAD19590065BE03 /* AppDelegate.swift */,
				5FD9A2D01CAD19590065BE03 /* ViewController.swift */,
				5FD9A2D21CAD19590065BE03 /* Main.storyboard */,
				5FD9A2D51CAD19590065BE03 /* Assets.xcassets */,
				5FD9A2D71CAD19590065BE03 /* Info.plist */,
				5F9623501CBBF80400F61D9C /* SearchSlidesViewController.swift */,
				5F0C443D1EDB607D00B098A1 /* SearchStoryboardSegue.swift */,
				5FB37BF41D7352140081D8C4 /* DetailView.xib */,
				5FB6D3851CAEF8B100D7AA80 /* SlideViewerController.swift */,
				5F3BF0011D8688850073EFCB /* SlideViewerController+AutoLayout.swift */,
				5FB609EB1DA03CB000051347 /* SlideViewerController+Fullpage.swift */,
				5F1DBB1B1F1A8F5F00DF4C87 /* SlideViewerStoryboardSegue.swift */,
				5F35BE3D1ED0941D00B644B1 /* MainViewController.swift */,
				5F8A17121EF0365E0005B086 /* Favorites.swift */,
				5F5AC0471EF088C200E2A561 /* FavoritesViewController.swift */,
				5F4C498F1F00FB9700269C50 /* FavoritesCommandView.swift */,
				5F15D3E91F03C4C2002F03AC /* FavoriteViewCell.swift */,
				5F06EFC61F17610400B8D23B /* MainMenuViewController.swift */,
			);
			path = slides;
			sourceTree = "<group>";
		};
		5FD9A2DF1CAD195A0065BE03 /* slidesTests */ = {
			isa = PBXGroup;
			children = (
				5FD9A2E01CAD195A0065BE03 /* slidesTests.swift */,
				5FD9A2E21CAD195A0065BE03 /* Info.plist */,
			);
			path = slidesTests;
			sourceTree = "<group>";
		};
		5FD9A2EA1CAD195A0065BE03 /* slidesUITests */ = {
			isa = PBXGroup;
			children = (
				5FD9A2EB1CAD195A0065BE03 /* slidesUITests.swift */,
				5FD9A2ED1CAD195A0065BE03 /* Info.plist */,
			);
			path = slidesUITests;
			sourceTree = "<group>";
		};
		5FF0DE0B1D99AF79001CEC34 /* viewer */ = {
			isa = PBXGroup;
			children = (
				5FB654091D82E7E600E6E2F2 /* SettingsBarView.swift */,
				5FF0DE0C1D99B033001CEC34 /* PageView.swift */,
				5F90B6081D9AC6DC00615BA4 /* ThumbnailsView.swift */,
			);
			name = viewer;
			sourceTree = "<group>";
		};
		A00824031CC94A9B00C9BE8F /* ARLabel */ = {
			isa = PBXGroup;
			children = (
				A0C8B3E61CCCC8CF007352B6 /* ARLabel.swift */,
			);
			path = ARLabel;
			sourceTree = "<group>";
		};
		A8CBADC199C577F1E16802A1 /* Frameworks */ = {
			isa = PBXGroup;
			children = (
				5FF934281F1CAD3500639D34 /* ManualLayout.framework */,
				5FF934291F1CAD3500639D34 /* Pods_slides.framework */,
				5FF9342A1F1CAD3500639D34 /* RxCocoa.framework */,
				5FF9342B1F1CAD3500639D34 /* RxSwift.framework */,
				5FF9342C1F1CAD3500639D34 /* RxSwiftExt.framework */,
				5FF9342D1F1CAD3500639D34 /* SettingsKit.framework */,
				5FF9342E1F1CAD3500639D34 /* SnapKit.framework */,
				5FF9342F1F1CAD3500639D34 /* TVOSToast.framework */,
				EEA2C00A2E0E59EA8DFD7DB1 /* Pods_slides.framework */,
				66582F1A187676F859E95254 /* Pods_slidesTests.framework */,
				A5BE309DE648A948642821DE /* Pods_slidesUITests.framework */,
			);
			name = Frameworks;
			sourceTree = "<group>";
		};
/* End PBXGroup section */

/* Begin PBXNativeTarget section */
		5FD9A2CA1CAD19590065BE03 /* slides */ = {
			isa = PBXNativeTarget;
			buildConfigurationList = 5FD9A2F01CAD195A0065BE03 /* Build configuration list for PBXNativeTarget "slides" */;
			buildPhases = (
				A59B9FD720C481029FE4F957 /* [CP] Check Pods Manifest.lock */,
				A0889C3D1CE8F4AA0050094D /* ShellScript */,
				5FD9A2C71CAD19590065BE03 /* Sources */,
				5FD9A2C81CAD19590065BE03 /* Frameworks */,
				5FD9A2C91CAD19590065BE03 /* Resources */,
				EF82CCA0A9859E65D3BA3EDE /* [CP] Embed Pods Frameworks */,
				69E0BA0AD1C1B5C49EC33D22 /* [CP] Copy Pods Resources */,
			);
			buildRules = (
			);
			dependencies = (
			);
			name = slides;
			productName = slides;
			productReference = 5FD9A2CB1CAD19590065BE03 /* slides.app */;
			productType = "com.apple.product-type.application";
		};
		5FD9A2DB1CAD19590065BE03 /* slidesTests */ = {
			isa = PBXNativeTarget;
			buildConfigurationList = 5FD9A2F31CAD195A0065BE03 /* Build configuration list for PBXNativeTarget "slidesTests" */;
			buildPhases = (
				3ADD07592B93D813B360C5A5 /* [CP] Check Pods Manifest.lock */,
				5FD9A2D81CAD19590065BE03 /* Sources */,
				5FD9A2D91CAD19590065BE03 /* Frameworks */,
				5FD9A2DA1CAD19590065BE03 /* Resources */,
				34B5E56A7CD170241ABA3BF1 /* [CP] Embed Pods Frameworks */,
				58E34D02EB8B6356CBE2EA9C /* [CP] Copy Pods Resources */,
			);
			buildRules = (
			);
			dependencies = (
				5FD9A2DE1CAD195A0065BE03 /* PBXTargetDependency */,
			);
			name = slidesTests;
			productName = slidesTests;
			productReference = 5FD9A2DC1CAD195A0065BE03 /* slidesTests.xctest */;
			productType = "com.apple.product-type.bundle.unit-test";
		};
		5FD9A2E61CAD195A0065BE03 /* slidesUITests */ = {
			isa = PBXNativeTarget;
			buildConfigurationList = 5FD9A2F61CAD195A0065BE03 /* Build configuration list for PBXNativeTarget "slidesUITests" */;
			buildPhases = (
				9912D7B32DB82F3D0D91DC3C /* [CP] Check Pods Manifest.lock */,
				5FD9A2E31CAD195A0065BE03 /* Sources */,
				5FD9A2E41CAD195A0065BE03 /* Frameworks */,
				5FD9A2E51CAD195A0065BE03 /* Resources */,
				2D593E7D910CBF99A24A43D2 /* [CP] Copy Pods Resources */,
				4D08255B845C76B57FCCB0A8 /* [CP] Embed Pods Frameworks */,
			);
			buildRules = (
			);
			dependencies = (
				5FD9A2E91CAD195A0065BE03 /* PBXTargetDependency */,
			);
			name = slidesUITests;
			productName = slidesUITests;
			productReference = 5FD9A2E71CAD195A0065BE03 /* slidesUITests.xctest */;
			productType = "com.apple.product-type.bundle.ui-testing";
		};
/* End PBXNativeTarget section */

/* Begin PBXProject section */
		5FD9A2C31CAD19590065BE03 /* Project object */ = {
			isa = PBXProject;
			attributes = {
				LastSwiftUpdateCheck = 0730;
				LastUpgradeCheck = 0820;
				ORGANIZATIONNAME = soulsoftware;
				TargetAttributes = {
					5FD9A2CA1CAD19590065BE03 = {
						CreatedOnToolsVersion = 7.3;
						DevelopmentTeam = 48J595L9BX;
						LastSwiftMigration = 0820;
						SystemCapabilities = {
							com.apple.Push = {
								enabled = 1;
							};
							com.apple.iCloud = {
								enabled = 1;
							};
						};
					};
					5FD9A2DB1CAD19590065BE03 = {
						CreatedOnToolsVersion = 7.3;
						LastSwiftMigration = 0820;
						TestTargetID = 5FD9A2CA1CAD19590065BE03;
					};
					5FD9A2E61CAD195A0065BE03 = {
						CreatedOnToolsVersion = 7.3;
						LastSwiftMigration = 0820;
						TestTargetID = 5FD9A2CA1CAD19590065BE03;
					};
				};
			};
			buildConfigurationList = 5FD9A2C61CAD19590065BE03 /* Build configuration list for PBXProject "slides" */;
			compatibilityVersion = "Xcode 3.2";
			developmentRegion = English;
			hasScannedForEncodings = 0;
			knownRegions = (
				en,
				Base,
			);
			mainGroup = 5FD9A2C21CAD19590065BE03;
			productRefGroup = 5FD9A2CC1CAD19590065BE03 /* Products */;
			projectDirPath = "";
			projectRoot = "";
			targets = (
				5FD9A2CA1CAD19590065BE03 /* slides */,
				5FD9A2DB1CAD19590065BE03 /* slidesTests */,
				5FD9A2E61CAD195A0065BE03 /* slidesUITests */,
			);
		};
/* End PBXProject section */

/* Begin PBXResourcesBuildPhase section */
		5FD9A2C91CAD19590065BE03 /* Resources */ = {
			isa = PBXResourcesBuildPhase;
			buildActionMask = 2147483647;
			files = (
				5FD9A2D61CAD19590065BE03 /* Assets.xcassets in Resources */,
				A06B6D531CBFA23900CBE220 /* slideshare.plist in Resources */,
				5FB37BF51D7352140081D8C4 /* DetailView.xib in Resources */,
				A0889C3C1CE8F4430050094D /* Settings.bundle in Resources */,
				5FD9A2D41CAD19590065BE03 /* Main.storyboard in Resources */,
			);
			runOnlyForDeploymentPostprocessing = 0;
		};
		5FD9A2DA1CAD19590065BE03 /* Resources */ = {
			isa = PBXResourcesBuildPhase;
			buildActionMask = 2147483647;
			files = (
				5FC7A4AD1CAD8D0700530CB0 /* rx1.pdf in Resources */,
			);
			runOnlyForDeploymentPostprocessing = 0;
		};
		5FD9A2E51CAD195A0065BE03 /* Resources */ = {
			isa = PBXResourcesBuildPhase;
			buildActionMask = 2147483647;
			files = (
			);
			runOnlyForDeploymentPostprocessing = 0;
		};
/* End PBXResourcesBuildPhase section */

/* Begin PBXShellScriptBuildPhase section */
		2D593E7D910CBF99A24A43D2 /* [CP] Copy Pods Resources */ = {
			isa = PBXShellScriptBuildPhase;
			buildActionMask = 2147483647;
			files = (
			);
			inputPaths = (
			);
			name = "[CP] Copy Pods Resources";
			outputPaths = (
			);
			runOnlyForDeploymentPostprocessing = 0;
			shellPath = /bin/sh;
			shellScript = "\"${SRCROOT}/Pods/Target Support Files/Pods-slidesUITests/Pods-slidesUITests-resources.sh\"\n";
			showEnvVarsInLog = 0;
		};
		34B5E56A7CD170241ABA3BF1 /* [CP] Embed Pods Frameworks */ = {
			isa = PBXShellScriptBuildPhase;
			buildActionMask = 2147483647;
			files = (
			);
			inputPaths = (
			);
			name = "[CP] Embed Pods Frameworks";
			outputPaths = (
			);
			runOnlyForDeploymentPostprocessing = 0;
			shellPath = /bin/sh;
			shellScript = "\"${SRCROOT}/Pods/Target Support Files/Pods-slidesTests/Pods-slidesTests-frameworks.sh\"\n";
			showEnvVarsInLog = 0;
		};
		3ADD07592B93D813B360C5A5 /* [CP] Check Pods Manifest.lock */ = {
			isa = PBXShellScriptBuildPhase;
			buildActionMask = 2147483647;
			files = (
			);
			inputPaths = (
			);
			name = "[CP] Check Pods Manifest.lock";
			outputPaths = (
			);
			runOnlyForDeploymentPostprocessing = 0;
			shellPath = /bin/sh;
			shellScript = "diff \"${PODS_PODFILE_DIR_PATH}/Podfile.lock\" \"${PODS_ROOT}/Manifest.lock\" > /dev/null\nif [ $? != 0 ] ; then\n    # print error to STDERR\n    echo \"error: The sandbox is not in sync with the Podfile.lock. Run 'pod install' or update your CocoaPods installation.\" >&2\n    exit 1\nfi\n";
			showEnvVarsInLog = 0;
		};
		4D08255B845C76B57FCCB0A8 /* [CP] Embed Pods Frameworks */ = {
			isa = PBXShellScriptBuildPhase;
			buildActionMask = 2147483647;
			files = (
			);
			inputPaths = (
			);
			name = "[CP] Embed Pods Frameworks";
			outputPaths = (
			);
			runOnlyForDeploymentPostprocessing = 0;
			shellPath = /bin/sh;
			shellScript = "\"${SRCROOT}/Pods/Target Support Files/Pods-slidesUITests/Pods-slidesUITests-frameworks.sh\"\n";
			showEnvVarsInLog = 0;
		};
		58E34D02EB8B6356CBE2EA9C /* [CP] Copy Pods Resources */ = {
			isa = PBXShellScriptBuildPhase;
			buildActionMask = 2147483647;
			files = (
			);
			inputPaths = (
			);
			name = "[CP] Copy Pods Resources";
			outputPaths = (
			);
			runOnlyForDeploymentPostprocessing = 0;
			shellPath = /bin/sh;
			shellScript = "\"${SRCROOT}/Pods/Target Support Files/Pods-slidesTests/Pods-slidesTests-resources.sh\"\n";
			showEnvVarsInLog = 0;
		};
		69E0BA0AD1C1B5C49EC33D22 /* [CP] Copy Pods Resources */ = {
			isa = PBXShellScriptBuildPhase;
			buildActionMask = 2147483647;
			files = (
			);
			inputPaths = (
			);
			name = "[CP] Copy Pods Resources";
			outputPaths = (
			);
			runOnlyForDeploymentPostprocessing = 0;
			shellPath = /bin/sh;
			shellScript = "\"${SRCROOT}/Pods/Target Support Files/Pods-slides/Pods-slides-resources.sh\"\n";
			showEnvVarsInLog = 0;
		};
		9912D7B32DB82F3D0D91DC3C /* [CP] Check Pods Manifest.lock */ = {
			isa = PBXShellScriptBuildPhase;
			buildActionMask = 2147483647;
			files = (
			);
			inputPaths = (
			);
			name = "[CP] Check Pods Manifest.lock";
			outputPaths = (
			);
			runOnlyForDeploymentPostprocessing = 0;
			shellPath = /bin/sh;
			shellScript = "diff \"${PODS_PODFILE_DIR_PATH}/Podfile.lock\" \"${PODS_ROOT}/Manifest.lock\" > /dev/null\nif [ $? != 0 ] ; then\n    # print error to STDERR\n    echo \"error: The sandbox is not in sync with the Podfile.lock. Run 'pod install' or update your CocoaPods installation.\" >&2\n    exit 1\nfi\n";
			showEnvVarsInLog = 0;
		};
		A0889C3D1CE8F4AA0050094D /* ShellScript */ = {
			isa = PBXShellScriptBuildPhase;
			buildActionMask = 2147483647;
			files = (
			);
			inputPaths = (
				"$(SRCROOT)/slides/Settings.bundle/Root.plist",
			);
			outputPaths = (
				"$(SRCROOT)/slides/Settings.swift",
			);
			runOnlyForDeploymentPostprocessing = 0;
			shellPath = /bin/sh;
			shellScript = "PATH=$(bash -l -c 'echo $PATH')\n$PODS_ROOT/SettingsKit/build -p $PROJECT_FILE_PATH -s $SCRIPT_INPUT_FILE_0 -o $SCRIPT_OUTPUT_FILE_0";
		};
		A59B9FD720C481029FE4F957 /* [CP] Check Pods Manifest.lock */ = {
			isa = PBXShellScriptBuildPhase;
			buildActionMask = 2147483647;
			files = (
			);
			inputPaths = (
			);
			name = "[CP] Check Pods Manifest.lock";
			outputPaths = (
			);
			runOnlyForDeploymentPostprocessing = 0;
			shellPath = /bin/sh;
			shellScript = "diff \"${PODS_PODFILE_DIR_PATH}/Podfile.lock\" \"${PODS_ROOT}/Manifest.lock\" > /dev/null\nif [ $? != 0 ] ; then\n    # print error to STDERR\n    echo \"error: The sandbox is not in sync with the Podfile.lock. Run 'pod install' or update your CocoaPods installation.\" >&2\n    exit 1\nfi\n";
			showEnvVarsInLog = 0;
		};
		EF82CCA0A9859E65D3BA3EDE /* [CP] Embed Pods Frameworks */ = {
			isa = PBXShellScriptBuildPhase;
			buildActionMask = 2147483647;
			files = (
			);
			inputPaths = (
			);
			name = "[CP] Embed Pods Frameworks";
			outputPaths = (
			);
			runOnlyForDeploymentPostprocessing = 0;
			shellPath = /bin/sh;
			shellScript = "\"${SRCROOT}/Pods/Target Support Files/Pods-slides/Pods-slides-frameworks.sh\"\n";
			showEnvVarsInLog = 0;
		};
/* End PBXShellScriptBuildPhase section */

/* Begin PBXSourcesBuildPhase section */
		5FD9A2C71CAD19590065BE03 /* Sources */ = {
			isa = PBXSourcesBuildPhase;
			buildActionMask = 2147483647;
			files = (
				5F4515A81CC2F112004C4004 /* TCBlobDownloadManager.swift in Sources */,
				5FB6540A1D82E7E600E6E2F2 /* SettingsBarView.swift in Sources */,
				5F90B6091D9AC6DC00615BA4 /* ThumbnailsView.swift in Sources */,
				5F8A17131EF0365E0005B086 /* Favorites.swift in Sources */,
				5F06EFC71F17610400B8D23B /* MainMenuViewController.swift in Sources */,
				5F1DBB1C1F1A8F5F00DF4C87 /* SlideViewerStoryboardSegue.swift in Sources */,
				5FB609EC1DA03CB000051347 /* SlideViewerController+Fullpage.swift in Sources */,
				5F4C49901F00FB9700269C50 /* FavoritesCommandView.swift in Sources */,
				5FCCC36E1F0BF205002ADBEC /* Slideshare+Download.swift in Sources */,
				5F9623531CBBF94900F61D9C /* Slidehare.swift in Sources */,
				A0C8B3E71CCCC8CF007352B6 /* ARLabel.swift in Sources */,
				5F9623511CBBF80400F61D9C /* SearchSlidesViewController.swift in Sources */,
				5F57DE131CC42B7500D5F1B8 /* UAProgressView.m in Sources */,
				5FD9A2D11CAD19590065BE03 /* ViewController.swift in Sources */,
				5F5AC0481EF088C200E2A561 /* FavoritesViewController.swift in Sources */,
				5F4515A71CC2F112004C4004 /* TCBlobDownload.swift in Sources */,
				5FD9A2CF1CAD19590065BE03 /* AppDelegate.swift in Sources */,
				5FB6D3861CAEF8B100D7AA80 /* SlideViewerController.swift in Sources */,
				5F3E17331DB8C9EE00AED17C /* OHPDFPage.m in Sources */,
				5F3BF0021D8688850073EFCB /* SlideViewerController+AutoLayout.swift in Sources */,
				5F0C443E1EDB607D00B098A1 /* SearchStoryboardSegue.swift in Sources */,
				5F3E17321DB8C9EE00AED17C /* OHPDFDocument.m in Sources */,
				5F57DE0B1CC3DCCF00D5F1B8 /* TWRProgressView.m in Sources */,
				5F35BE3E1ED0941D00B644B1 /* MainViewController.swift in Sources */,
				C3F8E7A31B2D198534D793D2 /* Settings.swift in Sources */,
				5F15D3EA1F03C4C2002F03AC /* FavoriteViewCell.swift in Sources */,
				5F3E17341DB8C9EE00AED17C /* OHVectorImage.m in Sources */,
				5FF0DE0D1D99B033001CEC34 /* PageView.swift in Sources */,
				5F3E17351DB8C9EE00AED17C /* UIImage+OHPDF.m in Sources */,
			);
			runOnlyForDeploymentPostprocessing = 0;
		};
		5FD9A2D81CAD19590065BE03 /* Sources */ = {
			isa = PBXSourcesBuildPhase;
			buildActionMask = 2147483647;
			files = (
				5F4515AB1CC2F355004C4004 /* TCBlobDownload.swift in Sources */,
				5F4515AC1CC2F355004C4004 /* TCBlobDownloadManager.swift in Sources */,
				5FD9A2E11CAD195A0065BE03 /* slidesTests.swift in Sources */,
			);
			runOnlyForDeploymentPostprocessing = 0;
		};
		5FD9A2E31CAD195A0065BE03 /* Sources */ = {
			isa = PBXSourcesBuildPhase;
			buildActionMask = 2147483647;
			files = (
				5FD9A2EC1CAD195A0065BE03 /* slidesUITests.swift in Sources */,
			);
			runOnlyForDeploymentPostprocessing = 0;
		};
/* End PBXSourcesBuildPhase section */

/* Begin PBXTargetDependency section */
		5FD9A2DE1CAD195A0065BE03 /* PBXTargetDependency */ = {
			isa = PBXTargetDependency;
			target = 5FD9A2CA1CAD19590065BE03 /* slides */;
			targetProxy = 5FD9A2DD1CAD195A0065BE03 /* PBXContainerItemProxy */;
		};
		5FD9A2E91CAD195A0065BE03 /* PBXTargetDependency */ = {
			isa = PBXTargetDependency;
			target = 5FD9A2CA1CAD19590065BE03 /* slides */;
			targetProxy = 5FD9A2E81CAD195A0065BE03 /* PBXContainerItemProxy */;
		};
/* End PBXTargetDependency section */

/* Begin PBXVariantGroup section */
		5FD9A2D21CAD19590065BE03 /* Main.storyboard */ = {
			isa = PBXVariantGroup;
			children = (
				5FD9A2D31CAD19590065BE03 /* Base */,
			);
			name = Main.storyboard;
			sourceTree = "<group>";
		};
/* End PBXVariantGroup section */

/* Begin XCBuildConfiguration section */
		5FAE605B1DB6C7840019C794 /* Debug */ = {
			isa = XCBuildConfiguration;
			buildSettings = {
				ALWAYS_EMBED_SWIFT_STANDARD_LIBRARIES = NO;
				ALWAYS_SEARCH_USER_PATHS = NO;
				CLANG_ANALYZER_NONNULL = YES;
				CLANG_CXX_LANGUAGE_STANDARD = "gnu++0x";
				CLANG_CXX_LIBRARY = "libc++";
				CLANG_ENABLE_MODULES = YES;
				CLANG_ENABLE_OBJC_ARC = YES;
				CLANG_WARN_BOOL_CONVERSION = YES;
				CLANG_WARN_CONSTANT_CONVERSION = YES;
				CLANG_WARN_DIRECT_OBJC_ISA_USAGE = YES_ERROR;
				CLANG_WARN_EMPTY_BODY = YES;
				CLANG_WARN_ENUM_CONVERSION = YES;
				CLANG_WARN_INFINITE_RECURSION = YES;
				CLANG_WARN_INT_CONVERSION = YES;
				CLANG_WARN_OBJC_ROOT_CLASS = YES_ERROR;
				CLANG_WARN_SUSPICIOUS_MOVE = YES;
				CLANG_WARN_UNREACHABLE_CODE = YES;
				CLANG_WARN__DUPLICATE_METHOD_MATCH = YES;
				COPY_PHASE_STRIP = NO;
				DEBUG_INFORMATION_FORMAT = "dwarf-with-dsym";
				ENABLE_NS_ASSERTIONS = NO;
				ENABLE_STRICT_OBJC_MSGSEND = YES;
				ENABLE_TESTABILITY = YES;
				GCC_C_LANGUAGE_STANDARD = gnu99;
				GCC_NO_COMMON_BLOCKS = YES;
				GCC_WARN_64_TO_32_BIT_CONVERSION = YES;
				GCC_WARN_ABOUT_RETURN_TYPE = YES_ERROR;
				GCC_WARN_UNDECLARED_SELECTOR = YES;
				GCC_WARN_UNINITIALIZED_AUTOS = YES_AGGRESSIVE;
				GCC_WARN_UNUSED_FUNCTION = YES;
				GCC_WARN_UNUSED_VARIABLE = YES;
				MTL_ENABLE_DEBUG_INFO = NO;
				ONLY_ACTIVE_ARCH = YES;
				SDKROOT = appletvos;
				SWIFT_OPTIMIZATION_LEVEL = "-Owholemodule";
				TARGETED_DEVICE_FAMILY = 3;
				TVOS_DEPLOYMENT_TARGET = 9.2;
				VALIDATE_PRODUCT = YES;
			};
			name = Debug;
		};
		5FAE605C1DB6C7840019C794 /* Debug */ = {
			isa = XCBuildConfiguration;
			baseConfigurationReference = C555331529587B8A9D9CCD2B /* Pods-slides.debug.xcconfig */;
			buildSettings = {
				ALWAYS_EMBED_SWIFT_STANDARD_LIBRARIES = YES;
				ASSETCATALOG_COMPILER_APPICON_NAME = "App Icon & Top Shelf Image";
				ASSETCATALOG_COMPILER_LAUNCHIMAGE_NAME = LaunchImage;
				CLANG_ENABLE_MODULES = YES;
				CODE_SIGN_ENTITLEMENTS = slides/slides.entitlements;
				CODE_SIGN_IDENTITY = "iPhone Developer";
				"CODE_SIGN_IDENTITY[sdk=appletvos*]" = "iPhone Developer";
				ENABLE_BITCODE = NO;
				FRAMEWORK_SEARCH_PATHS = (
					"$(inherited)",
					"$(PROJECT_DIR)/Build/Products/Debug-appletvsimulator/RxCocoa",
					"$(PROJECT_DIR)/Build/Products/Debug-appletvsimulator/RxSwift",
					"$(PROJECT_DIR)/Build/Products/Debug-appletvsimulator/RxSwiftExt",
					"$(PROJECT_DIR)/Build/Products/Debug-appletvsimulator/SettingsKit",
					"$(PROJECT_DIR)/Build/Products/Debug-appletvsimulator/SnapKit",
					"$(PROJECT_DIR)/Build/Products/Debug-appletvos/RxSwift",
					"$(PROJECT_DIR)/Build/Products/Debug-appletvos/RxCocoa",
					"$(PROJECT_DIR)/Build/Products/Debug-appletvos/SnapKit",
					"$(PROJECT_DIR)/Build/Products/Debug-appletvos/RxSwiftExt",
					"$(PROJECT_DIR)/Build/Products/Debug-appletvos/SettingsKit",
					"$(PROJECT_DIR)/Build/Products/Debug-appletvsimulator/TVOSToast",
					"$(PROJECT_DIR)/Build/Products/Debug-appletvsimulator/ManualLayout",
					"$(PROJECT_DIR)/Build/Products/Debug-appletvos/ManualLayout",
					"$(PROJECT_DIR)/Build/Products/Debug-appletvos/TVOSToast",
					"$(PROJECT_DIR)/Build/Products/Debug-appletvos",
				);
				INFOPLIST_FILE = slides/Info.plist;
				LD_RUNPATH_SEARCH_PATHS = "$(inherited) @executable_path/Frameworks";
				OBJROOT = $PROJECT_DIR/build;
				PODS_BUILD_DIR = $PROJECT_DIR/Build/Products;
				PRODUCT_BUNDLE_IDENTIFIER = org.bsc.slides;
				PRODUCT_NAME = "$(TARGET_NAME)";
				PROVISIONING_PROFILE = "";
				SWIFT_OBJC_BRIDGING_HEADER = "slides-Bridging-Header.h";
				SWIFT_VERSION = 3.0;
				SYMROOT = $PROJECT_DIR/build;
				TVOS_DEPLOYMENT_TARGET = 10.0;
			};
			name = Debug;
		};
		5FAE605D1DB6C7840019C794 /* Debug */ = {
			isa = XCBuildConfiguration;
			baseConfigurationReference = CD0C312159396BDFEFD44CE4 /* Pods-slidesTests.debug.xcconfig */;
			buildSettings = {
				ALWAYS_EMBED_SWIFT_STANDARD_LIBRARIES = YES;
				BUNDLE_LOADER = "$(TEST_HOST)";
				FRAMEWORK_SEARCH_PATHS = (
					"$(inherited)",
					"$(PROJECT_DIR)/Build/Products/Debug-appletvsimulator/RxSwift",
					"$(PROJECT_DIR)/Build/Products/Debug-appletvsimulator/RxBlocking",
					"$(PROJECT_DIR)/Build/Products/Debug-appletvsimulator/RxTest",
					"$(PROJECT_DIR)/Build/Products/Debug-appletvsimulator/RxCocoa",
					"$(PROJECT_DIR)/Build/Products/Debug-appletvsimulator/RxSwiftExt",
				);
				INFOPLIST_FILE = slidesTests/Info.plist;
				LD_RUNPATH_SEARCH_PATHS = "$(inherited) @executable_path/Frameworks @loader_path/Frameworks";
				PRODUCT_BUNDLE_IDENTIFIER = org.bsc.slidesTests;
				PRODUCT_NAME = "$(TARGET_NAME)";
				SWIFT_VERSION = 3.0;
				TEST_HOST = "$(BUILT_PRODUCTS_DIR)/slides.app/slides";
				TVOS_DEPLOYMENT_TARGET = 10.0;
			};
			name = Debug;
		};
		5FAE605E1DB6C7840019C794 /* Debug */ = {
			isa = XCBuildConfiguration;
			baseConfigurationReference = 06BA7C51FC30362AA6716B11 /* Pods-slidesUITests.debug.xcconfig */;
			buildSettings = {
				ALWAYS_EMBED_SWIFT_STANDARD_LIBRARIES = YES;
				FRAMEWORK_SEARCH_PATHS = (
					"$(inherited)",
					"$(PROJECT_DIR)/Build/Products/Debug-appletvsimulator/RxBlocking",
					"$(PROJECT_DIR)/Build/Products/Debug-appletvsimulator/RxCocoa",
					"$(PROJECT_DIR)/Build/Products/Debug-appletvsimulator/RxSwift",
					"$(PROJECT_DIR)/Build/Products/Debug-appletvsimulator/RxSwiftExt",
					"$(PROJECT_DIR)/Build/Products/Debug-appletvsimulator/RxTests",
					"$(PROJECT_DIR)/build/Debug-appletvos/OHPDFImage",
					"$(PROJECT_DIR)/build/Debug-appletvos/RxBlocking",
					"$(PROJECT_DIR)/build/Debug-appletvos/RxCocoa",
					"$(PROJECT_DIR)/build/Debug-appletvos/RxSwift",
					"$(PROJECT_DIR)/build/Debug-appletvos/RxTests",
					"$(PROJECT_DIR)/build/Debug-appletvos/SnapKit",
					"$(PROJECT_DIR)/build/Debug-appletvos",
				);
				INFOPLIST_FILE = slidesUITests/Info.plist;
				LD_RUNPATH_SEARCH_PATHS = "$(inherited) @executable_path/Frameworks @loader_path/Frameworks";
				PRODUCT_BUNDLE_IDENTIFIER = org.bsc.slidesUITests;
				PRODUCT_NAME = "$(TARGET_NAME)";
				SWIFT_VERSION = 3.0;
				TEST_TARGET_NAME = slides;
			};
			name = Debug;
		};
		5FD9A2EF1CAD195A0065BE03 /* Release */ = {
			isa = XCBuildConfiguration;
			buildSettings = {
				ALWAYS_EMBED_SWIFT_STANDARD_LIBRARIES = YES;
				ALWAYS_SEARCH_USER_PATHS = NO;
				CLANG_ANALYZER_NONNULL = YES;
				CLANG_CXX_LANGUAGE_STANDARD = "gnu++0x";
				CLANG_CXX_LIBRARY = "libc++";
				CLANG_ENABLE_MODULES = YES;
				CLANG_ENABLE_OBJC_ARC = YES;
				CLANG_WARN_BOOL_CONVERSION = YES;
				CLANG_WARN_CONSTANT_CONVERSION = YES;
				CLANG_WARN_DIRECT_OBJC_ISA_USAGE = YES_ERROR;
				CLANG_WARN_EMPTY_BODY = YES;
				CLANG_WARN_ENUM_CONVERSION = YES;
				CLANG_WARN_INFINITE_RECURSION = YES;
				CLANG_WARN_INT_CONVERSION = YES;
				CLANG_WARN_OBJC_ROOT_CLASS = YES_ERROR;
				CLANG_WARN_SUSPICIOUS_MOVE = YES;
				CLANG_WARN_UNREACHABLE_CODE = YES;
				CLANG_WARN__DUPLICATE_METHOD_MATCH = YES;
				COPY_PHASE_STRIP = NO;
				DEBUG_INFORMATION_FORMAT = "dwarf-with-dsym";
				ENABLE_NS_ASSERTIONS = NO;
				ENABLE_STRICT_OBJC_MSGSEND = YES;
				GCC_C_LANGUAGE_STANDARD = gnu99;
				GCC_NO_COMMON_BLOCKS = YES;
				GCC_WARN_64_TO_32_BIT_CONVERSION = YES;
				GCC_WARN_ABOUT_RETURN_TYPE = YES_ERROR;
				GCC_WARN_UNDECLARED_SELECTOR = YES;
				GCC_WARN_UNINITIALIZED_AUTOS = YES_AGGRESSIVE;
				GCC_WARN_UNUSED_FUNCTION = YES;
				GCC_WARN_UNUSED_VARIABLE = YES;
				MTL_ENABLE_DEBUG_INFO = NO;
				SDKROOT = appletvos;
				SWIFT_OPTIMIZATION_LEVEL = "-Owholemodule";
				TARGETED_DEVICE_FAMILY = 3;
				TVOS_DEPLOYMENT_TARGET = 9.2;
				VALIDATE_PRODUCT = YES;
			};
			name = Release;
		};
		5FD9A2F21CAD195A0065BE03 /* Release */ = {
			isa = XCBuildConfiguration;
			baseConfigurationReference = 4B74BAF74AE103B2AC4E9103 /* Pods-slides.release.xcconfig */;
			buildSettings = {
				ALWAYS_EMBED_SWIFT_STANDARD_LIBRARIES = YES;
				ASSETCATALOG_COMPILER_APPICON_NAME = "App Icon & Top Shelf Image";
				ASSETCATALOG_COMPILER_LAUNCHIMAGE_NAME = LaunchImage;
				CLANG_ENABLE_MODULES = YES;
				CODE_SIGN_ENTITLEMENTS = slides/slides.entitlements;
				CODE_SIGN_IDENTITY = "iPhone Developer";
				"CODE_SIGN_IDENTITY[sdk=appletvos*]" = "iPhone Developer";
				ENABLE_BITCODE = YES;
				FRAMEWORK_SEARCH_PATHS = (
					"$(inherited)",
					"$(PROJECT_DIR)/Build/Products/Release-appletvos/RxCocoa",
					"$(PROJECT_DIR)/Build/Products/Release-appletvos/RxSwift",
					"$(PROJECT_DIR)/Build/Products/Release-appletvos/RxSwiftExt",
					"$(PROJECT_DIR)/Build/Products/Release-appletvos/SettingsKit",
					"$(PROJECT_DIR)/Build/Products/Release-appletvos/SnapKit",
					"$(PROJECT_DIR)/Build/Products/Release-appletvsimulator/RxCocoa",
					"$(PROJECT_DIR)/Build/Products/Release-appletvsimulator/RxSwift",
					"$(PROJECT_DIR)/Build/Products/Release-appletvsimulator/RxSwiftExt",
					"$(PROJECT_DIR)/Build/Products/Release-appletvsimulator/SettingsKit",
					"$(PROJECT_DIR)/Build/Products/Release-appletvsimulator/SnapKit",
					"$(PROJECT_DIR)/Build/Products/Release-appletvos/ManualLayout",
					"$(PROJECT_DIR)/Build/Products/Release-appletvos",
					"$(PROJECT_DIR)/Build/Products/Release-appletvos/TVOSToast",
				);
				INFOPLIST_FILE = slides/Info.plist;
				LD_RUNPATH_SEARCH_PATHS = "$(inherited) @executable_path/Frameworks";
				OBJROOT = $PROJECT_DIR/build;
				PODS_BUILD_DIR = $PROJECT_DIR/Build/Products;
				PRODUCT_BUNDLE_IDENTIFIER = org.bsc.slides;
				PRODUCT_NAME = "$(TARGET_NAME)";
				PROVISIONING_PROFILE = "";
				SWIFT_OBJC_BRIDGING_HEADER = "slides-Bridging-Header.h";
				SWIFT_VERSION = 3.0;
				SYMROOT = $PROJECT_DIR/build;
				TVOS_DEPLOYMENT_TARGET = 10.0;
			};
			name = Release;
		};
		5FD9A2F51CAD195A0065BE03 /* Release */ = {
			isa = XCBuildConfiguration;
			baseConfigurationReference = 62406CDC06BDBFE1B2A3BC7F /* Pods-slidesTests.release.xcconfig */;
			buildSettings = {
				ALWAYS_EMBED_SWIFT_STANDARD_LIBRARIES = YES;
				BUNDLE_LOADER = "$(TEST_HOST)";
				FRAMEWORK_SEARCH_PATHS = (
					"$(inherited)",
					"$(PROJECT_DIR)/Build/Products/Debug-appletvsimulator/RxSwift",
					"$(PROJECT_DIR)/Build/Products/Debug-appletvsimulator/RxBlocking",
					"$(PROJECT_DIR)/Build/Products/Debug-appletvsimulator/RxTest",
					"$(PROJECT_DIR)/Build/Products/Debug-appletvsimulator/RxCocoa",
					"$(PROJECT_DIR)/Build/Products/Debug-appletvsimulator/RxSwiftExt",
				);
				INFOPLIST_FILE = slidesTests/Info.plist;
				LD_RUNPATH_SEARCH_PATHS = "$(inherited) @executable_path/Frameworks @loader_path/Frameworks";
				PRODUCT_BUNDLE_IDENTIFIER = org.bsc.slidesTests;
				PRODUCT_NAME = "$(TARGET_NAME)";
				SWIFT_VERSION = 3.0;
				TEST_HOST = "$(BUILT_PRODUCTS_DIR)/slides.app/slides";
				TVOS_DEPLOYMENT_TARGET = 10.0;
			};
			name = Release;
		};
		5FD9A2F81CAD195A0065BE03 /* Release */ = {
			isa = XCBuildConfiguration;
			baseConfigurationReference = 3CADED520A0132122567DBAF /* Pods-slidesUITests.release.xcconfig */;
			buildSettings = {
				ALWAYS_EMBED_SWIFT_STANDARD_LIBRARIES = YES;
				FRAMEWORK_SEARCH_PATHS = (
					"$(inherited)",
					"$(PROJECT_DIR)/Build/Products/Debug-appletvsimulator/RxBlocking",
					"$(PROJECT_DIR)/Build/Products/Debug-appletvsimulator/RxCocoa",
					"$(PROJECT_DIR)/Build/Products/Debug-appletvsimulator/RxSwift",
					"$(PROJECT_DIR)/Build/Products/Debug-appletvsimulator/RxSwiftExt",
					"$(PROJECT_DIR)/Build/Products/Debug-appletvsimulator/RxTests",
					"$(PROJECT_DIR)/build/Debug-appletvos/OHPDFImage",
					"$(PROJECT_DIR)/build/Debug-appletvos/RxBlocking",
					"$(PROJECT_DIR)/build/Debug-appletvos/RxCocoa",
					"$(PROJECT_DIR)/build/Debug-appletvos/RxSwift",
					"$(PROJECT_DIR)/build/Debug-appletvos/RxTests",
					"$(PROJECT_DIR)/build/Debug-appletvos/SnapKit",
					"$(PROJECT_DIR)/build/Debug-appletvos",
				);
				INFOPLIST_FILE = slidesUITests/Info.plist;
				LD_RUNPATH_SEARCH_PATHS = "$(inherited) @executable_path/Frameworks @loader_path/Frameworks";
				PRODUCT_BUNDLE_IDENTIFIER = org.bsc.slidesUITests;
				PRODUCT_NAME = "$(TARGET_NAME)";
				SWIFT_VERSION = 3.0;
				TEST_TARGET_NAME = slides;
			};
			name = Release;
		};
/* End XCBuildConfiguration section */

/* Begin XCConfigurationList section */
		5FD9A2C61CAD19590065BE03 /* Build configuration list for PBXProject "slides" */ = {
			isa = XCConfigurationList;
			buildConfigurations = (
				5FD9A2EF1CAD195A0065BE03 /* Release */,
				5FAE605B1DB6C7840019C794 /* Debug */,
			);
			defaultConfigurationIsVisible = 0;
			defaultConfigurationName = Release;
		};
		5FD9A2F01CAD195A0065BE03 /* Build configuration list for PBXNativeTarget "slides" */ = {
			isa = XCConfigurationList;
			buildConfigurations = (
				5FD9A2F21CAD195A0065BE03 /* Release */,
				5FAE605C1DB6C7840019C794 /* Debug */,
			);
			defaultConfigurationIsVisible = 0;
			defaultConfigurationName = Release;
		};
		5FD9A2F31CAD195A0065BE03 /* Build configuration list for PBXNativeTarget "slidesTests" */ = {
			isa = XCConfigurationList;
			buildConfigurations = (
				5FD9A2F51CAD195A0065BE03 /* Release */,
				5FAE605D1DB6C7840019C794 /* Debug */,
			);
			defaultConfigurationIsVisible = 0;
			defaultConfigurationName = Release;
		};
		5FD9A2F61CAD195A0065BE03 /* Build configuration list for PBXNativeTarget "slidesUITests" */ = {
			isa = XCConfigurationList;
			buildConfigurations = (
				5FD9A2F81CAD195A0065BE03 /* Release */,
				5FAE605E1DB6C7840019C794 /* Debug */,
			);
			defaultConfigurationIsVisible = 0;
			defaultConfigurationName = Release;
		};
/* End XCConfigurationList section */
	};
	rootObject = 5FD9A2C31CAD19590065BE03 /* Project object */;
}
